schema_version: conscious-activations-spec-wave-dispatch-lock/v1
wave: 14
locked_on: '2026-07-22'
state: DISPATCHED_CONTROLLER_RECOVERY_AFTER_CHILD_AGENT_USAGE_LIMIT
prior_wave_receipt: WAVE_13_COMPLETION.yaml
paths_disjoint: true
specs:
- spec_id: TS-VID-003
  upstream_spec_ids:
  - TS-VID-002
  - TS-DEL-001
- spec_id: TS-AHP-005
  upstream_spec_ids:
  - TS-AHP-004
  - TS-AIR-019
frozen_upstreams:
  TS-VID-002:
    path: 05_ATOMIC_HARNESS_PIPELINE/docs/tech-specs/TS-VID-002.md
    quality_state: WRITTEN_PENDING_AUDIT
    sha256: ea8f83e732ac9da4ff8c31816ba9ad7e6c6a8bf866b1b6a5ae4c3bb4c9bc9b13
    label: DRAFT_DEPENDENCY_NOT_ACCEPTED
  TS-DEL-001:
    path: 05_ATOMIC_HARNESS_PIPELINE/docs/tech-specs/TS-DEL-001.md
    quality_state: WRITTEN_PENDING_AUDIT
    sha256: aba43b66766795436b2073b528a486e7dbdb4cc48638ca21a1642c0e36e6d751
    label: DRAFT_DEPENDENCY_NOT_ACCEPTED
  TS-AHP-004:
    path: 05_ATOMIC_HARNESS_PIPELINE/docs/tech-specs/TS-AHP-004.md
    quality_state: WRITTEN_PENDING_AUDIT
    sha256: 771cbdcdc33a6ed7fe175a037740a89181e7c51baa6591ec35c68a9791a24d08
    label: DRAFT_DEPENDENCY_NOT_ACCEPTED
  TS-AIR-019:
    path: 04_ACTIVATIVE_INTELLIGENCE_RUNTIME/docs/tech-specs/TS-AIR-019.md
    quality_state: WRITTEN_PENDING_AUDIT
    sha256: 515e42a7e015c212f9f972b4e78e1e7aa0558816448f10ff18db9b9a7f7ecd5e
    label: DRAFT_DEPENDENCY_NOT_ACCEPTED
authority_state: CANDIDATE_NOT_CURRENT
build_authority: false
parallelization_status: NOT_PARALLELIZED_IN_RECOVERY_FOR_THIS_WAVE
method_concern: Child-agent usage limit forced controller recovery writing for this wave.
