schema_version: conscious-activations-spec-wave-dispatch-lock/v1
wave: 8
locked_on: '2026-07-22'
state: DISPATCHED
prior_wave_receipt: WAVE_07_COMPLETION.yaml
paths_disjoint: true
available_child_slots: 3
parallel_batch_count: 1
specs:
  - {spec_id: TS-AIR-011, upstream_spec_ids: [TS-INT-004, TS-INT-006]}
  - {spec_id: TS-INT-005, upstream_spec_ids: [TS-INT-004]}
frozen_upstreams:
  TS-INT-004: {path: 06_INTERVIEW_EXPRESSION/docs/tech-specs/TS-INT-004.md, quality_state: WRITTEN_PENDING_AUDIT, sha256: e6147fc8ca8f8d6d3a0ff8954336fe9b844c8e18e45c41b330c558f7d87a0d5a, label: DRAFT_DEPENDENCY_NOT_ACCEPTED}
  TS-INT-006: {path: 06_INTERVIEW_EXPRESSION/docs/tech-specs/TS-INT-006.md, quality_state: WRITTEN_PENDING_AUDIT, sha256: 3fb216913d8e0c52e3a51db65b6a3c848240cc3d040f9806fd8d3c85a443f58d, label: DRAFT_DEPENDENCY_NOT_ACCEPTED}
authority_state: CANDIDATE_NOT_CURRENT
build_authority: false
