schema_version: conscious-activations-spec-wave-dispatch-lock/v1
wave: 22
locked_on: '2026-07-22'
state: DISPATCHED_CONTROLLER_RECOVERY_AFTER_CHILD_AGENT_USAGE_LIMIT
prior_wave_receipt: WAVE_21_COMPLETION.yaml
paths_disjoint: true
specs:
- spec_id: TS-AHP-008
  upstream_spec_ids:
  - TS-PM-001
  - TS-AIR-003
  - TS-EVAL-001
frozen_upstreams:
  TS-PM-001:
    path: 05_ATOMIC_HARNESS_PIPELINE/docs/tech-specs/TS-PM-001.md
    quality_state: WRITTEN_PENDING_AUDIT
    sha256: 64506bfbfb1827d630e11ea5f4fc8bd0e3bd5c0d22b41570ce8bcb5b5069cc30
    label: DRAFT_DEPENDENCY_NOT_ACCEPTED
  TS-AIR-003:
    path: 04_ACTIVATIVE_INTELLIGENCE_RUNTIME/docs/tech-specs/TS-AIR-003.md
    quality_state: WRITTEN_PENDING_AUDIT
    sha256: ce9ac739346789d115ada80c44b568c28e61ce68f0ae99bb55b0962c875d430c
    label: DRAFT_DEPENDENCY_NOT_ACCEPTED
  TS-EVAL-001:
    path: 05_ATOMIC_HARNESS_PIPELINE/docs/tech-specs/TS-EVAL-001.md
    quality_state: WRITTEN_PENDING_AUDIT
    sha256: 0c3a47dc3cfb331630df794bec4869c71d5fc70894b6f0fd77b08068ff74024f
    label: DRAFT_DEPENDENCY_NOT_ACCEPTED
authority_state: CANDIDATE_NOT_CURRENT
build_authority: false
parallelization_status: NOT_PARALLELIZED_IN_RECOVERY_FOR_THIS_WAVE
method_concern: Child-agent usage limit forced controller recovery writing for this wave.
