schema_version: conscious-activations-spec-wave-dispatch-lock/v1
wave: 15
locked_on: '2026-07-22'
state: DISPATCHED_CONTROLLER_RECOVERY_AFTER_CHILD_AGENT_USAGE_LIMIT
prior_wave_receipt: WAVE_14_COMPLETION.yaml
paths_disjoint: true
specs:
- spec_id: TS-VID-004
  upstream_spec_ids:
  - TS-VID-002
  - TS-VID-003
- spec_id: TS-AHP-006
  upstream_spec_ids:
  - TS-AHP-005
  - TS-AIR-019
- spec_id: TS-EVAL-003
  upstream_spec_ids:
  - TS-EVAL-002
  - TS-AIR-019
  - TS-AHP-005
frozen_upstreams:
  TS-VID-002:
    path: 05_ATOMIC_HARNESS_PIPELINE/docs/tech-specs/TS-VID-002.md
    quality_state: WRITTEN_PENDING_AUDIT
    sha256: ea8f83e732ac9da4ff8c31816ba9ad7e6c6a8bf866b1b6a5ae4c3bb4c9bc9b13
    label: DRAFT_DEPENDENCY_NOT_ACCEPTED
  TS-VID-003:
    path: 05_ATOMIC_HARNESS_PIPELINE/docs/tech-specs/TS-VID-003.md
    quality_state: WRITTEN_PENDING_AUDIT
    sha256: 352a41e925897233636021ae0fef947019d57c30b2279f09903a53ed198d796c
    label: DRAFT_DEPENDENCY_NOT_ACCEPTED
  TS-AHP-005:
    path: 05_ATOMIC_HARNESS_PIPELINE/docs/tech-specs/TS-AHP-005.md
    quality_state: WRITTEN_PENDING_AUDIT
    sha256: e82cd9d256e5882c3891d70bad3e0fe660610202fd6ffcd5fb350950676d3e6f
    label: DRAFT_DEPENDENCY_NOT_ACCEPTED
  TS-AIR-019:
    path: 04_ACTIVATIVE_INTELLIGENCE_RUNTIME/docs/tech-specs/TS-AIR-019.md
    quality_state: WRITTEN_PENDING_AUDIT
    sha256: 515e42a7e015c212f9f972b4e78e1e7aa0558816448f10ff18db9b9a7f7ecd5e
    label: DRAFT_DEPENDENCY_NOT_ACCEPTED
  TS-EVAL-002:
    path: 05_ATOMIC_HARNESS_PIPELINE/docs/tech-specs/TS-EVAL-002.md
    quality_state: WRITTEN_PENDING_AUDIT
    sha256: 64c99efc49e60be93aea30e831b0082181f7151d6043e002f1ed5e0c4cac5144
    label: DRAFT_DEPENDENCY_NOT_ACCEPTED
authority_state: CANDIDATE_NOT_CURRENT
build_authority: false
parallelization_status: NOT_PARALLELIZED_IN_RECOVERY_FOR_THIS_WAVE
method_concern: Child-agent usage limit forced controller recovery writing for this wave.
