schema_version: conscious-activations-spec-wave-dispatch-lock/v1
wave: 6
locked_on: '2026-07-22'
state: DISPATCHED
prior_wave_receipt: WAVE_05_COMPLETION.yaml
paths_disjoint: true
available_child_slots: 3
parallel_batch_count: 1
specs:
  - {spec_id: TS-INT-006, upstream_spec_ids: [TS-INT-007]}
frozen_upstreams:
  TS-INT-007: {path: 06_INTERVIEW_EXPRESSION/docs/tech-specs/TS-INT-007.md, quality_state: WRITTEN_PENDING_AUDIT, sha256: 98978c560ba216707fcc7d26305de1f2c42e9391f09db20aa4fc97a69fe08dbc, label: DRAFT_DEPENDENCY_NOT_ACCEPTED}
authority_state: CANDIDATE_NOT_CURRENT
build_authority: false
