schema_version: conscious-activations-spec-wave-dispatch-lock/v1
wave: 16
locked_on: '2026-07-22'
state: DISPATCHED_CONTROLLER_RECOVERY_AFTER_CHILD_AGENT_USAGE_LIMIT
prior_wave_receipt: WAVE_15_COMPLETION.yaml
paths_disjoint: true
specs:
- spec_id: TS-VID-005
  upstream_spec_ids:
  - TS-VID-004
- spec_id: TS-AHP-007
  upstream_spec_ids:
  - TS-AHP-006
  - TS-EVAL-001
- spec_id: TS-CAS-001
  upstream_spec_ids:
  - TS-EVAL-003
  - TS-AHP-005
frozen_upstreams:
  TS-VID-004:
    path: 05_ATOMIC_HARNESS_PIPELINE/docs/tech-specs/TS-VID-004.md
    quality_state: WRITTEN_PENDING_AUDIT
    sha256: b04db0e51f33120419c62d7eb9521a79b337b9858b621d7b66917e30354fb473
    label: DRAFT_DEPENDENCY_NOT_ACCEPTED
  TS-AHP-006:
    path: 05_ATOMIC_HARNESS_PIPELINE/docs/tech-specs/TS-AHP-006.md
    quality_state: WRITTEN_PENDING_AUDIT
    sha256: abb1ded22e1d5a93eda93223d50606c8e9dcc96ab78eef147b242a550479e1d9
    label: DRAFT_DEPENDENCY_NOT_ACCEPTED
  TS-EVAL-001:
    path: 05_ATOMIC_HARNESS_PIPELINE/docs/tech-specs/TS-EVAL-001.md
    quality_state: WRITTEN_PENDING_AUDIT
    sha256: 0c3a47dc3cfb331630df794bec4869c71d5fc70894b6f0fd77b08068ff74024f
    label: DRAFT_DEPENDENCY_NOT_ACCEPTED
  TS-EVAL-003:
    path: 05_ATOMIC_HARNESS_PIPELINE/docs/tech-specs/TS-EVAL-003.md
    quality_state: WRITTEN_PENDING_AUDIT
    sha256: 2632f1fcceb757a54b8a203b1cacc0c862c9fef1db964bbefcef2e6b67a818c6
    label: DRAFT_DEPENDENCY_NOT_ACCEPTED
  TS-AHP-005:
    path: 05_ATOMIC_HARNESS_PIPELINE/docs/tech-specs/TS-AHP-005.md
    quality_state: WRITTEN_PENDING_AUDIT
    sha256: e82cd9d256e5882c3891d70bad3e0fe660610202fd6ffcd5fb350950676d3e6f
    label: DRAFT_DEPENDENCY_NOT_ACCEPTED
authority_state: CANDIDATE_NOT_CURRENT
build_authority: false
parallelization_status: NOT_PARALLELIZED_IN_RECOVERY_FOR_THIS_WAVE
method_concern: Child-agent usage limit forced controller recovery writing for this wave.
