schema_version: conscious-activations-spec-wave-dispatch-lock/v1
wave: 5
locked_on: '2026-07-22'
state: DISPATCHED
prior_wave_receipt: WAVE_04_COMPLETION.yaml
paths_disjoint: true
available_child_slots: 3
parallel_batch_count: 1
specs:
  - {spec_id: TS-INT-007, upstream_spec_ids: [TS-AIR-008, TS-AIR-009]}
  - {spec_id: TS-INT-002, upstream_spec_ids: [TS-INT-001]}
  - {spec_id: TS-INT-003, upstream_spec_ids: [TS-INT-001]}
frozen_upstreams:
  TS-AIR-008: {path: 04_ACTIVATIVE_INTELLIGENCE_RUNTIME/docs/tech-specs/TS-AIR-008.md, quality_state: WRITTEN_PENDING_AUDIT, sha256: e8fac04b295ec742621e92735475f2c603f16b69b26f67b5e5c840ab6ddb16a0, label: DRAFT_DEPENDENCY_NOT_ACCEPTED}
  TS-AIR-009: {path: 04_ACTIVATIVE_INTELLIGENCE_RUNTIME/docs/tech-specs/TS-AIR-009.md, quality_state: WRITTEN_PENDING_AUDIT, sha256: f904f8a996895917098e28f3ee99c0162dd34efdc4a07aae36f4dad069c5ca52, label: DRAFT_DEPENDENCY_NOT_ACCEPTED}
  TS-INT-001: {path: 06_INTERVIEW_EXPRESSION/docs/tech-specs/TS-INT-001.md, quality_state: WRITTEN_PENDING_AUDIT, sha256: ca13c9fdcc3b840533de2a955a5388497a434a0b7f94950978012536fd4301e8, label: DRAFT_DEPENDENCY_NOT_ACCEPTED}
authority_state: CANDIDATE_NOT_CURRENT
build_authority: false
