schema_version: conscious-activations-spec-wave-dispatch-lock/v1
wave: 9
locked_on: '2026-07-22'
state: DISPATCHED
prior_wave_receipt: WAVE_08_COMPLETION.yaml
paths_disjoint: true
available_child_slots: 3
parallel_batch_count: 1
specs:
  - {spec_id: TS-AIR-015, upstream_spec_ids: [TS-AIR-005, TS-AIR-006, TS-AIR-007, TS-AIR-011]}
frozen_upstreams:
  TS-AIR-005: {path: 04_ACTIVATIVE_INTELLIGENCE_RUNTIME/docs/tech-specs/TS-AIR-005.md, quality_state: WRITTEN_PENDING_AUDIT, sha256: 5dcf631efc4f68f40edd0991ca3ae4be9073da68aa441c52d37e874e70a43e49, label: DRAFT_DEPENDENCY_NOT_ACCEPTED}
  TS-AIR-006: {path: 04_ACTIVATIVE_INTELLIGENCE_RUNTIME/docs/tech-specs/TS-AIR-006.md, quality_state: WRITTEN_PENDING_AUDIT, sha256: f7e8b5ab03959fb503cbf5b862d4a139d35272e49f708372e40981721505a4a4, label: DRAFT_DEPENDENCY_NOT_ACCEPTED}
  TS-AIR-007: {path: 04_ACTIVATIVE_INTELLIGENCE_RUNTIME/docs/tech-specs/TS-AIR-007.md, quality_state: WRITTEN_PENDING_AUDIT, sha256: e6a2b106a751463bd14be44b6b36bbb14e7f6ff05984fae85c5357d7bc6199ec, label: DRAFT_DEPENDENCY_NOT_ACCEPTED}
  TS-AIR-011: {path: 04_ACTIVATIVE_INTELLIGENCE_RUNTIME/docs/tech-specs/TS-AIR-011.md, quality_state: WRITTEN_PENDING_AUDIT, sha256: c48ef679872bfa3e8bf2bd40ea44c3f4d18da30b3d05d19a99d5131fe26dd00b, label: DRAFT_DEPENDENCY_NOT_ACCEPTED}
authority_state: CANDIDATE_NOT_CURRENT
build_authority: false
