schema_version: conscious-activations-spec-wave-dispatch-lock/v1
wave: 4
locked_on: '2026-07-22'
state: DISPATCHED
prior_wave_receipt: WAVE_03_COMPLETION.yaml
paths_disjoint: true
available_child_slots: 3
parallel_batch_count: 1
specs:
  - {spec_id: TS-AIR-009, upstream_spec_ids: [TS-AIR-008]}
  - {spec_id: TS-INT-001, upstream_spec_ids: [TS-AIR-008]}
frozen_upstreams:
  TS-AIR-008: {path: 04_ACTIVATIVE_INTELLIGENCE_RUNTIME/docs/tech-specs/TS-AIR-008.md, quality_state: WRITTEN_PENDING_AUDIT, sha256: e8fac04b295ec742621e92735475f2c603f16b69b26f67b5e5c840ab6ddb16a0, label: DRAFT_DEPENDENCY_NOT_ACCEPTED}
authority_state: CANDIDATE_NOT_CURRENT
build_authority: false
