schema_version: conscious-activations-spec-wave-dispatch-lock/v1
wave: 7
locked_on: '2026-07-22'
state: DISPATCHED
prior_wave_receipt: WAVE_06_COMPLETION.yaml
paths_disjoint: true
available_child_slots: 3
parallel_batch_count: 1
specs:
  - {spec_id: TS-INT-004, upstream_spec_ids: [TS-INT-002, TS-INT-003, TS-INT-006]}
frozen_upstreams:
  TS-INT-002: {path: 06_INTERVIEW_EXPRESSION/docs/tech-specs/TS-INT-002.md, quality_state: WRITTEN_PENDING_AUDIT, sha256: 1aff9aca4776d0dbb8254882814b6277303258924990a0f75640798768f4123d, label: DRAFT_DEPENDENCY_NOT_ACCEPTED}
  TS-INT-003: {path: 06_INTERVIEW_EXPRESSION/docs/tech-specs/TS-INT-003.md, quality_state: WRITTEN_PENDING_AUDIT, sha256: d6075ebbc317a2e9f363bebfedda78dcf7d8d31dc1377dbc15b212f7800bd1d6, label: DRAFT_DEPENDENCY_NOT_ACCEPTED}
  TS-INT-006: {path: 06_INTERVIEW_EXPRESSION/docs/tech-specs/TS-INT-006.md, quality_state: WRITTEN_PENDING_AUDIT, sha256: 3fb216913d8e0c52e3a51db65b6a3c848240cc3d040f9806fd8d3c85a443f58d, label: DRAFT_DEPENDENCY_NOT_ACCEPTED}
authority_state: CANDIDATE_NOT_CURRENT
build_authority: false
