schema_version: conscious-activations-spec-wave-dispatch-lock/v1
wave: 3
locked_on: '2026-07-22'
state: DISPATCHED_IN_MAXIMAL_PARALLEL_BATCHES
prior_wave_receipt: WAVE_02_COMPLETION.yaml
paths_disjoint: true
available_child_slots: 3
parallel_batch_count: 2
specs:
  - {spec_id: TS-AIR-008, upstream_spec_ids: [TS-AIR-002, TS-AIR-003]}
  - {spec_id: TS-AIR-014, upstream_spec_ids: [TS-AIR-002, TS-AIR-003]}
  - {spec_id: TS-AIR-006, upstream_spec_ids: [TS-AIR-002, TS-AIR-005]}
  - {spec_id: TS-AIR-013, upstream_spec_ids: [TS-AIR-002, TS-AIR-003, TS-AIR-005]}
  - {spec_id: TS-SKL-001, upstream_spec_ids: [TS-AHP-002, TS-AIR-005]}
frozen_upstreams:
  TS-AHP-002: {path: 05_ATOMIC_HARNESS_PIPELINE/docs/tech-specs/TS-AHP-002.md, quality_state: WRITTEN_PENDING_AUDIT, sha256: 3e76ee7e4ec8f3b288a58bb8b8eb886195d9ad17097c67ded613c22fbb3dccd4, label: DRAFT_DEPENDENCY_NOT_ACCEPTED}
  TS-AIR-002: {path: 04_ACTIVATIVE_INTELLIGENCE_RUNTIME/docs/tech-specs/TS-AIR-002.md, quality_state: WRITTEN_PENDING_AUDIT, sha256: 258c711d84dbbf2e8abc79e910d825cb8370dd0b7e0940e81d91d8a93e1b43e5, label: DRAFT_DEPENDENCY_NOT_ACCEPTED}
  TS-AIR-003: {path: 04_ACTIVATIVE_INTELLIGENCE_RUNTIME/docs/tech-specs/TS-AIR-003.md, quality_state: WRITTEN_PENDING_AUDIT, sha256: ce9ac739346789d115ada80c44b568c28e61ce68f0ae99bb55b0962c875d430c, label: DRAFT_DEPENDENCY_NOT_ACCEPTED}
  TS-AIR-005: {path: 04_ACTIVATIVE_INTELLIGENCE_RUNTIME/docs/tech-specs/TS-AIR-005.md, quality_state: WRITTEN_PENDING_AUDIT, sha256: 5dcf631efc4f68f40edd0991ca3ae4be9073da68aa441c52d37e874e70a43e49, label: DRAFT_DEPENDENCY_NOT_ACCEPTED}
authority_state: CANDIDATE_NOT_CURRENT
build_authority: false
