schema_version: conscious-activations-spec-wave-dispatch-lock/v1
wave: 18
locked_on: '2026-07-22'
state: DISPATCHED_CONTROLLER_RECOVERY_AFTER_CHILD_AGENT_USAGE_LIMIT
prior_wave_receipt: WAVE_17_COMPLETION.yaml
paths_disjoint: true
specs:
- spec_id: TS-BATCH-001
  upstream_spec_ids:
  - TS-VID-006
  - TS-CAR-001
  - TS-SPV-001
  - TS-ANI-001
- spec_id: TS-CAS-003
  upstream_spec_ids:
  - TS-CAS-002
frozen_upstreams:
  TS-VID-006:
    path: 05_ATOMIC_HARNESS_PIPELINE/docs/tech-specs/TS-VID-006.md
    quality_state: WRITTEN_PENDING_AUDIT
    sha256: 1b728005e5a072f8504282799a5206759dc6e828de6c99b9da1cb401daed6e9b
    label: DRAFT_DEPENDENCY_NOT_ACCEPTED
  TS-CAR-001:
    path: 05_ATOMIC_HARNESS_PIPELINE/docs/tech-specs/TS-CAR-001.md
    quality_state: WRITTEN_PENDING_AUDIT
    sha256: 467a160a856f859482521452d3025504bd5e3ef6c21f8305b6831379fb4a56f6
    label: DRAFT_DEPENDENCY_NOT_ACCEPTED
  TS-SPV-001:
    path: 05_ATOMIC_HARNESS_PIPELINE/docs/tech-specs/TS-SPV-001.md
    quality_state: WRITTEN_PENDING_AUDIT
    sha256: ab8884bbb75649911f36dfda38fd62e0efc9d82dff4594010a8efd4f85877df2
    label: DRAFT_DEPENDENCY_NOT_ACCEPTED
  TS-ANI-001:
    path: 05_ATOMIC_HARNESS_PIPELINE/docs/tech-specs/TS-ANI-001.md
    quality_state: WRITTEN_PENDING_AUDIT
    sha256: 8bce45fdf570d41a263f5df882d2297ce52fa1fef7615d534c025b1c8cc12ff9
    label: DRAFT_DEPENDENCY_NOT_ACCEPTED
  TS-CAS-002:
    path: 07_CONSCIOUS_ACTIVATIONS_STUDIO/docs/tech-specs/TS-CAS-002.md
    quality_state: WRITTEN_PENDING_AUDIT
    sha256: ae8458a925319fcf5fe416c5539b26aaa0852c2f497b78220d7180e480ff1e27
    label: DRAFT_DEPENDENCY_NOT_ACCEPTED
authority_state: CANDIDATE_NOT_CURRENT
build_authority: false
parallelization_status: NOT_PARALLELIZED_IN_RECOVERY_FOR_THIS_WAVE
method_concern: Child-agent usage limit forced controller recovery writing for this wave.
