schema_version: conscious-activations-spec-wave-dispatch-lock/v1
wave: 12
locked_on: '2026-07-22'
state: DISPATCHED_IN_MAXIMAL_PARALLEL_BATCHES
prior_wave_receipt: WAVE_11_COMPLETION.yaml
paths_disjoint: true
available_child_slots: 3
parallel_batch_count: 2
specs:
  - {spec_id: TS-VID-001, upstream_spec_ids: [TS-AHP-003, TS-INT-002, TS-INT-003, TS-AIR-015]}
  - {spec_id: TS-AIR-019, upstream_spec_ids: [TS-AIR-001, TS-AIR-005, TS-AIR-017]}
  - {spec_id: TS-ANI-001, upstream_spec_ids: [TS-AHP-003, TS-AIR-015, TS-AIR-017]}
  - {spec_id: TS-DEL-001, upstream_spec_ids: [TS-AHP-002, TS-AIR-017]}
  - {spec_id: TS-EVAL-001, upstream_spec_ids: [TS-AHP-002, TS-AIR-017]}
  - {spec_id: TS-STA-001, upstream_spec_ids: [TS-AHP-003, TS-AIR-017]}
frozen_upstreams:
  TS-AHP-002: {path: 05_ATOMIC_HARNESS_PIPELINE/docs/tech-specs/TS-AHP-002.md, quality_state: WRITTEN_PENDING_AUDIT, sha256: 3e76ee7e4ec8f3b288a58bb8b8eb886195d9ad17097c67ded613c22fbb3dccd4, label: DRAFT_DEPENDENCY_NOT_ACCEPTED}
  TS-AHP-003: {path: 05_ATOMIC_HARNESS_PIPELINE/docs/tech-specs/TS-AHP-003.md, quality_state: WRITTEN_PENDING_AUDIT, sha256: 072041914b836be5a45e80ee87102cc490f0927a946633e78806bee63e3578ed, label: DRAFT_DEPENDENCY_NOT_ACCEPTED}
  TS-AIR-001: {path: 04_ACTIVATIVE_INTELLIGENCE_RUNTIME/docs/tech-specs/TS-AIR-001.md, quality_state: WRITTEN_PENDING_AUDIT, sha256: 622b32dc08259bc8148c60f5865359c6a76de37037103789ff1fda0f842c6cbc, label: DRAFT_DEPENDENCY_NOT_ACCEPTED}
  TS-AIR-005: {path: 04_ACTIVATIVE_INTELLIGENCE_RUNTIME/docs/tech-specs/TS-AIR-005.md, quality_state: WRITTEN_PENDING_AUDIT, sha256: 5dcf631efc4f68f40edd0991ca3ae4be9073da68aa441c52d37e874e70a43e49, label: DRAFT_DEPENDENCY_NOT_ACCEPTED}
  TS-AIR-015: {path: 04_ACTIVATIVE_INTELLIGENCE_RUNTIME/docs/tech-specs/TS-AIR-015.md, quality_state: WRITTEN_PENDING_AUDIT, sha256: 58946bef28d60b991fd2897429f199534c104b9096b977125f2e5b6a710a03d8, label: DRAFT_DEPENDENCY_NOT_ACCEPTED}
  TS-AIR-017: {path: 04_ACTIVATIVE_INTELLIGENCE_RUNTIME/docs/tech-specs/TS-AIR-017.md, quality_state: WRITTEN_PENDING_AUDIT, sha256: 0e87466a326eac865a66609d2609a1fc8006f5b32a5a847bd01e36e488363a81, label: DRAFT_DEPENDENCY_NOT_ACCEPTED}
  TS-INT-002: {path: 06_INTERVIEW_EXPRESSION/docs/tech-specs/TS-INT-002.md, quality_state: WRITTEN_PENDING_AUDIT, sha256: 1aff9aca4776d0dbb8254882814b6277303258924990a0f75640798768f4123d, label: DRAFT_DEPENDENCY_NOT_ACCEPTED}
  TS-INT-003: {path: 06_INTERVIEW_EXPRESSION/docs/tech-specs/TS-INT-003.md, quality_state: WRITTEN_PENDING_AUDIT, sha256: d6075ebbc317a2e9f363bebfedda78dcf7d8d31dc1377dbc15b212f7800bd1d6, label: DRAFT_DEPENDENCY_NOT_ACCEPTED}
authority_state: CANDIDATE_NOT_CURRENT
build_authority: false
