schema_version: conscious-activations-spec-wave-dispatch-lock/v1
wave: 19
locked_on: '2026-07-22'
state: DISPATCHED_CONTROLLER_RECOVERY_AFTER_CHILD_AGENT_USAGE_LIMIT
prior_wave_receipt: WAVE_18_COMPLETION.yaml
paths_disjoint: true
specs:
- spec_id: TS-CAS-004
  upstream_spec_ids:
  - TS-AHP-003
  - TS-AHP-006
  - TS-BATCH-001
- spec_id: TS-AIR-018
  upstream_spec_ids:
  - TS-CAS-003
  - TS-AIR-011
- spec_id: TS-REL-002
  upstream_spec_ids:
  - TS-AHP-001
  - TS-REL-001
  - TS-CAS-003
frozen_upstreams:
  TS-AHP-003:
    path: 05_ATOMIC_HARNESS_PIPELINE/docs/tech-specs/TS-AHP-003.md
    quality_state: WRITTEN_PENDING_AUDIT
    sha256: 072041914b836be5a45e80ee87102cc490f0927a946633e78806bee63e3578ed
    label: DRAFT_DEPENDENCY_NOT_ACCEPTED
  TS-AHP-006:
    path: 05_ATOMIC_HARNESS_PIPELINE/docs/tech-specs/TS-AHP-006.md
    quality_state: WRITTEN_PENDING_AUDIT
    sha256: abb1ded22e1d5a93eda93223d50606c8e9dcc96ab78eef147b242a550479e1d9
    label: DRAFT_DEPENDENCY_NOT_ACCEPTED
  TS-BATCH-001:
    path: 05_ATOMIC_HARNESS_PIPELINE/docs/tech-specs/TS-BATCH-001.md
    quality_state: WRITTEN_PENDING_AUDIT
    sha256: c6a88bcaed4721a251c73b906ef3d76545c60151b9ce47656a5fdae119999cfc
    label: DRAFT_DEPENDENCY_NOT_ACCEPTED
  TS-CAS-003:
    path: 07_CONSCIOUS_ACTIVATIONS_STUDIO/docs/tech-specs/TS-CAS-003.md
    quality_state: WRITTEN_PENDING_AUDIT
    sha256: 2d8642d1b8e7f170732fbd293bc2d86997b3568756c5e686857e9c790f3f5841
    label: DRAFT_DEPENDENCY_NOT_ACCEPTED
  TS-AIR-011:
    path: 04_ACTIVATIVE_INTELLIGENCE_RUNTIME/docs/tech-specs/TS-AIR-011.md
    quality_state: WRITTEN_PENDING_AUDIT
    sha256: c48ef679872bfa3e8bf2bd40ea44c3f4d18da30b3d05d19a99d5131fe26dd00b
    label: DRAFT_DEPENDENCY_NOT_ACCEPTED
  TS-AHP-001:
    path: 05_ATOMIC_HARNESS_PIPELINE/docs/tech-specs/TS-AHP-001.md
    quality_state: WRITTEN_PENDING_AUDIT
    sha256: 5e7fc914dbcfa330ffd903c318158639ca74dc8fcb68eafd9a172772aca89444
    label: DRAFT_DEPENDENCY_NOT_ACCEPTED
  TS-REL-001:
    path: CMF_PROGRAM_CONTROL/01_PRODUCT_AUTHORITIES/v2.1-candidates/specs/TS-REL-001.md
    quality_state: WRITTEN_PENDING_AUDIT
    sha256: 0acf352384fe54f5126f483035812851968d49a2dcb4254f8b8ab863b04a2568
    label: DRAFT_DEPENDENCY_NOT_ACCEPTED
authority_state: CANDIDATE_NOT_CURRENT
build_authority: false
parallelization_status: NOT_PARALLELIZED_IN_RECOVERY_FOR_THIS_WAVE
method_concern: Child-agent usage limit forced controller recovery writing for this wave.
