schema_version: conscious-activations-spec-wave-dispatch-lock/v1
wave: 21
locked_on: '2026-07-22'
state: DISPATCHED_CONTROLLER_RECOVERY_AFTER_CHILD_AGENT_USAGE_LIMIT
prior_wave_receipt: WAVE_20_COMPLETION.yaml
paths_disjoint: true
specs:
- spec_id: TS-CAS-006
  upstream_spec_ids:
  - TS-CAS-005
  - TS-EVAL-003
- spec_id: TS-PM-001
  upstream_spec_ids:
  - TS-AHP-002
  - TS-AIR-020
frozen_upstreams:
  TS-CAS-005:
    path: 07_CONSCIOUS_ACTIVATIONS_STUDIO/docs/tech-specs/TS-CAS-005.md
    quality_state: WRITTEN_PENDING_AUDIT
    sha256: c69d45485d611d8fdd20d098dd99fbaa30c38d8d9915ac79bc9d4b3cf0337fc2
    label: DRAFT_DEPENDENCY_NOT_ACCEPTED
  TS-EVAL-003:
    path: 05_ATOMIC_HARNESS_PIPELINE/docs/tech-specs/TS-EVAL-003.md
    quality_state: WRITTEN_PENDING_AUDIT
    sha256: 2632f1fcceb757a54b8a203b1cacc0c862c9fef1db964bbefcef2e6b67a818c6
    label: DRAFT_DEPENDENCY_NOT_ACCEPTED
  TS-AHP-002:
    path: 05_ATOMIC_HARNESS_PIPELINE/docs/tech-specs/TS-AHP-002.md
    quality_state: WRITTEN_PENDING_AUDIT
    sha256: 3e76ee7e4ec8f3b288a58bb8b8eb886195d9ad17097c67ded613c22fbb3dccd4
    label: DRAFT_DEPENDENCY_NOT_ACCEPTED
  TS-AIR-020:
    path: 04_ACTIVATIVE_INTELLIGENCE_RUNTIME/docs/tech-specs/TS-AIR-020.md
    quality_state: WRITTEN_PENDING_AUDIT
    sha256: b7c7a94f5a79b6db82cf2ba9ccbe7e59364882b50c849d4c30439bd53fff5584
    label: DRAFT_DEPENDENCY_NOT_ACCEPTED
authority_state: CANDIDATE_NOT_CURRENT
build_authority: false
parallelization_status: NOT_PARALLELIZED_IN_RECOVERY_FOR_THIS_WAVE
method_concern: Child-agent usage limit forced controller recovery writing for this wave.
