schema_version: conscious-activations-spec-wave-dispatch-lock/v1
wave: 0
locked_on: '2026-07-22'
state: DISPATCHED
authorization: CONTROLLER_GATE_RECEIPT.yaml
spec_ids:
  - TS-AHP-001
  - TS-AIR-001
  - TS-REL-001
upstream_write_inputs: []
paths_disjoint: true
available_child_slots: 3
parallel_batch_count: 1
authority_state: CANDIDATE_NOT_CURRENT
build_authority: false
