schema_version: conscious-activations-spec-wave-dispatch-lock/v1
wave: 1
locked_on: '2026-07-22'
state: DISPATCHED
prior_wave_receipt: WAVE_00_COMPLETION.yaml
paths_disjoint: true
available_child_slots: 3
parallel_batch_count: 1
specs:
  - spec_id: TS-AHP-002
    upstream_write_inputs:
      - {spec_id: TS-AHP-001, path: 05_ATOMIC_HARNESS_PIPELINE/docs/tech-specs/TS-AHP-001.md, quality_state: WRITTEN_PENDING_AUDIT, sha256: 5e7fc914dbcfa330ffd903c318158639ca74dc8fcb68eafd9a172772aca89444, label: DRAFT_DEPENDENCY_NOT_ACCEPTED}
      - {spec_id: TS-AIR-001, path: 04_ACTIVATIVE_INTELLIGENCE_RUNTIME/docs/tech-specs/TS-AIR-001.md, quality_state: WRITTEN_PENDING_AUDIT, sha256: 622b32dc08259bc8148c60f5865359c6a76de37037103789ff1fda0f842c6cbc, label: DRAFT_DEPENDENCY_NOT_ACCEPTED}
  - spec_id: TS-AIR-002
    upstream_write_inputs:
      - {spec_id: TS-AIR-001, path: 04_ACTIVATIVE_INTELLIGENCE_RUNTIME/docs/tech-specs/TS-AIR-001.md, quality_state: WRITTEN_PENDING_AUDIT, sha256: 622b32dc08259bc8148c60f5865359c6a76de37037103789ff1fda0f842c6cbc, label: DRAFT_DEPENDENCY_NOT_ACCEPTED}
  - spec_id: TS-AIR-004
    upstream_write_inputs:
      - {spec_id: TS-AIR-001, path: 04_ACTIVATIVE_INTELLIGENCE_RUNTIME/docs/tech-specs/TS-AIR-001.md, quality_state: WRITTEN_PENDING_AUDIT, sha256: 622b32dc08259bc8148c60f5865359c6a76de37037103789ff1fda0f842c6cbc, label: DRAFT_DEPENDENCY_NOT_ACCEPTED}
authority_state: CANDIDATE_NOT_CURRENT
build_authority: false
