schema_version: conscious-activations-spec-wave-dispatch-lock/v1
wave: 20
locked_on: '2026-07-22'
state: DISPATCHED_CONTROLLER_RECOVERY_AFTER_CHILD_AGENT_USAGE_LIMIT
prior_wave_receipt: WAVE_19_COMPLETION.yaml
paths_disjoint: true
specs:
- spec_id: TS-CAS-005
  upstream_spec_ids:
  - TS-CAS-004
- spec_id: TS-AIR-020
  upstream_spec_ids:
  - TS-AIR-003
  - TS-AIR-005
  - TS-AIR-018
  - TS-AIR-019
frozen_upstreams:
  TS-CAS-004:
    path: 07_CONSCIOUS_ACTIVATIONS_STUDIO/docs/tech-specs/TS-CAS-004.md
    quality_state: WRITTEN_PENDING_AUDIT
    sha256: 72cece250ffb7e6de8d14012145bba8fc2ed18b917e0ddd99c527159ab215435
    label: DRAFT_DEPENDENCY_NOT_ACCEPTED
  TS-AIR-003:
    path: 04_ACTIVATIVE_INTELLIGENCE_RUNTIME/docs/tech-specs/TS-AIR-003.md
    quality_state: WRITTEN_PENDING_AUDIT
    sha256: ce9ac739346789d115ada80c44b568c28e61ce68f0ae99bb55b0962c875d430c
    label: DRAFT_DEPENDENCY_NOT_ACCEPTED
  TS-AIR-005:
    path: 04_ACTIVATIVE_INTELLIGENCE_RUNTIME/docs/tech-specs/TS-AIR-005.md
    quality_state: WRITTEN_PENDING_AUDIT
    sha256: 5dcf631efc4f68f40edd0991ca3ae4be9073da68aa441c52d37e874e70a43e49
    label: DRAFT_DEPENDENCY_NOT_ACCEPTED
  TS-AIR-018:
    path: 04_ACTIVATIVE_INTELLIGENCE_RUNTIME/docs/tech-specs/TS-AIR-018.md
    quality_state: WRITTEN_PENDING_AUDIT
    sha256: cd817a664a574efe526daccb81d9ee299f3fdeaf9b999710278173423bceb753
    label: DRAFT_DEPENDENCY_NOT_ACCEPTED
  TS-AIR-019:
    path: 04_ACTIVATIVE_INTELLIGENCE_RUNTIME/docs/tech-specs/TS-AIR-019.md
    quality_state: WRITTEN_PENDING_AUDIT
    sha256: 515e42a7e015c212f9f972b4e78e1e7aa0558816448f10ff18db9b9a7f7ecd5e
    label: DRAFT_DEPENDENCY_NOT_ACCEPTED
authority_state: CANDIDATE_NOT_CURRENT
build_authority: false
parallelization_status: NOT_PARALLELIZED_IN_RECOVERY_FOR_THIS_WAVE
method_concern: Child-agent usage limit forced controller recovery writing for this wave.
