schema_version: conscious-activations-v2.1-spec-reconciliation-input-lock/v1
lock_id: CA-P02-INPUT-LOCK-2026-07-22
recorded_on: '2026-07-22'
prompt01_gate:
  receipt: CMF_PROGRAM_CONTROL/03_PROGRAM_STATUS/V2_1_AUTHORITY_CONVERGENCE/COMPLETION_RECEIPT.yaml
  sha256: 032b90b449fd5bafd96685ae40370f652bdfba38fdec1d0761be115c069f528f
  observed_verdict: CONCERNS
  failures: 0
  convergence_complete: true
  specification_work_authority: EXPLICIT_OPERATOR_PROMPT_02_ONLY
  authority_ratified: false
  result: PASS_FOR_BOUNDED_SPECIFICATION_RECONCILIATION_ONLY
archives:
- input: CONSCIOUS_ACTIVATIONS_ACTIVATIVE_INTELLIGENCE_RUNTIME_V2_1_FULL_BUNDLE.zip
  bytes: 14283363
  sha256: 985227a8645f050e4789456933ac8845108a070ad44441177601fc7c0e8d7e76
  members: 667
  zip_test: PASS
- input: CONSCIOUS_ACTIVATIONS_AHP_PRD_V1_2_PRIMITIVE_ARCHETYPE_CENTERED.zip
  bytes: 688137
  sha256: b85a2888e33ec9d41e6a82461ec11f4d136b4b3cd42c06a67d94a470afbf0b9d
  members: 136
  zip_test: PASS
- input: THE_CMF_STUDIO(2).zip
  bytes: 60114855
  sha256: 2fd48bb14f61890ffeb8d9999be6f55b79e8e1156067addc47a08d5cbb91ea4c
  members: 4743
  zip_test: PASS
- input: Specs_Builder_Library_CA_V2_1_1.zip
  bytes: 165835
  sha256: e40a843d0748de78fce216fbb322437707a8eab0ca649e88bbfe7ab4bc99c69e
  members: 41
  zip_test: PASS
mandatory_members:
- artifact: AIR Constitution V2.1
  member: doctrine/00_ACTIVATIVE_INTELLIGENCE_LIFECYCLE_CONSTITUTION_V2_1.md
  bytes: 51243
  sha256: abdb79fa6a59b4651332cd86cf51f796a4468110c917c126c62760e3f1d58a85
- artifact: AIR PRD V2.1
  member: prd/PRD_COMBINED.md
  bytes: 856509
  sha256: f5c54bc408ed243c4c579f9693ecfd085c7b826053a5e3445d350d1317c7d184
- artifact: AIR Epics and Stories
  member: planning/EPICS_AND_VERTICAL_STORIES.md
  bytes: 301040
  sha256: b74fa0d6e4357662b021d92e45e2436b25005c88d4c45bdb8df2010592fd7da0
- artifact: AIR FR registry
  member: governance/REQUIREMENTS_REGISTRY.csv
  bytes: 259891
  sha256: 4d63497f98d7e57c9584747c34cccb4c7bad57ad0b367c784e14d3528a5ed759
  rows: 120
- artifact: AIR Story traceability
  member: planning/STORY_TO_FR_TRACEABILITY.csv
  bytes: 43254
  sha256: 947a8d0fc275bc8a5d5990a18289e816c08f9754357e33eaa4d5d846bd3db17e
  rows: 120
- artifact: AHP PRD V1.2
  member: prd/PRD_COMBINED.md
  bytes: 589093
  sha256: 387568731acfe57f022a2fadcd2acfc73baf1287b8a5a1e1d3ed78675ccb067d
- artifact: AHP Epics and Stories
  member: planning/EPICS_AND_VERTICAL_STORIES.md
  bytes: 190553
  sha256: c7ea3757b6497bd45674222341fa4125009e3d3f8b140c3ce9a6855284fe1cb7
- artifact: AHP FR registry
  member: governance/REQUIREMENTS_REGISTRY.csv
  bytes: 229507
  sha256: c42d88ff96dab4d76af1572015db00808187f9afa4de1feb86733ec2f834a003
  rows: 180
- artifact: AHP Story traceability
  member: planning/STORY_TO_FR_TRACEABILITY.csv
  bytes: 9555
  sha256: e8abad1c66e9404c71ad9c8c807d5cb0e0142957373ffe4251a5aad63e1a9196
  rows: 60
- artifact: AHP 45 candidate assignments inventory
  member: planning/TECH_SPEC_CANDIDATE_INVENTORY.csv
  bytes: 15379
  sha256: bce370d058392294a3161074e3ee6dac95bbf357bfd6626aa7e1e8db04aa9e6e
  rows: 45
- artifact: AHP V1.3 integration amendment
  member: amendments/AHP_PRD_V1_3_ACTIVATIVE_INTELLIGENCE_INTEGRATION_AMENDMENT.md
  bytes: 2080
  sha256: 125fc4a45eef3d1fe4c42f75d9ff1cf38bbbb9c6bf04c05c2a252a049ae404b6
- artifact: Cross-product ownership ledger
  member: amendments/CROSS_PRODUCT_OWNERSHIP_AND_HANDOFF_LEDGER.md
  bytes: 1817
  sha256: 04bfd499ffff5f049b2da77aee2e67e400b1c3eabf4ab0f5b6b9ea79897600b6
- artifact: CMF migration audit
  member: sources/brownfield/CMF_STUDIO_PREDECESSOR_MIGRATION_AUDIT_V1.md
  bytes: 10966
  sha256: 5912930b2abfb376aef67c140bb745845ede054b07ad6aa0e9bb77f9a06301d7
- artifact: Exact source reuse crosswalk
  member: sources/brownfield/EXACT_SOURCE_REUSE_CROSSWALK.csv
  bytes: 21449
  sha256: c8c97f5d2003d070180a7061484609b2f9c8ef990efa116914f05b4e400e7820
  rows: 82
air_full_spec_members:
- spec_id: TS-AIR-001
  member: specs/TS-AIR-001-constitutional-authority-activation-domains-and-epistemic-state.md
  bytes: 28316
  sha256: 96e2f2b5233372c3bc7c133ac980943b2ae8bd1fd171866c8b6130ca346643c5
  status: DRAFT_AFTER_PRD_PENDING_RATIFICATION
- spec_id: TS-AIR-002
  member: specs/TS-AIR-002-identity-context-resonance-and-matrix-of-edging.md
  bytes: 29171
  sha256: c3522186cd471fc820e39efbf38e39ab4f7d0ea8ea28166c81e54af76133fd01
  status: DRAFT_AFTER_PRD_PENDING_RATIFICATION
- spec_id: TS-AIR-003
  member: specs/TS-AIR-003-activation-hypothesis-portfolio-and-comparative-search.md
  bytes: 27507
  sha256: 88181841a988c783ad29c93fd4a53feea1a952c4d7b33b05a4050ed47ef7a9d2
  status: DRAFT_AFTER_PRD_PENDING_RATIFICATION
- spec_id: TS-AIR-004
  member: specs/TS-AIR-004-primitive-family-registry-and-primitive-binding.md
  bytes: 28003
  sha256: 9cd647036b7489142774856fede71ce5debc459ca8c4e48b0346ab32cf842d59
  status: DRAFT_AFTER_PRD_PENDING_RATIFICATION
- spec_id: TS-AIR-005
  member: specs/TS-AIR-005-primitive-coalition-signature-edge-product-and-steering-recipes.md
  bytes: 29064
  sha256: fcda639eb120be4ed53d7f6c5f86cb803ae5cb13a031dd3092de608b995676ed
  status: DRAFT_AFTER_PRD_PENDING_RATIFICATION
- spec_id: TS-AIR-006
  member: specs/TS-AIR-006-archetype-coalition-and-psychological-role-inside-tension.md
  bytes: 29456
  sha256: 158696ad8f135c3bb52f225d85174bdc5daeb2afa261ee6a82a60e556c9f1c52
  status: DRAFT_AFTER_PRD_PENDING_RATIFICATION
- spec_id: TS-AIR-007
  member: specs/TS-AIR-007-brand-genesis-voice-visual-dna-and-distillation-layers.md
  bytes: 28730
  sha256: b9e4879ad0bf7fdba46e4332759cd511f1cb659db31b9d04601ab140e23730c6
  status: DRAFT_AFTER_PRD_PENDING_RATIFICATION
- spec_id: TS-AIR-008
  member: specs/TS-AIR-008-planned-activative-intelligence-and-interview-asset-contracts.md
  bytes: 28215
  sha256: 5439adc8952a8a15600048890063f8268db8f2d12806a46e4dc04f8b3d06fe05
  status: DRAFT_AFTER_PRD_PENDING_RATIFICATION
- spec_id: TS-AIR-009
  member: specs/TS-AIR-009-live-narrative-state-induction-and-interviewer-resonance.md
  bytes: 28115
  sha256: 96f25c8912ac2c334ced7220c3ee7dff9e031e5e5985bb848f93e88ddb930a0d
  status: DRAFT_AFTER_PRD_PENDING_RATIFICATION
- spec_id: TS-AIR-010
  member: specs/TS-AIR-010-reaction-observation-and-reaction-receipts.md
  bytes: 28018
  sha256: 3a23bb2035a331837f1f4b0877dff3ddd863353c1a3334a584d3b16f6d4ce070
  status: DRAFT_AFTER_PRD_PENDING_RATIFICATION
- spec_id: TS-AIR-011
  member: specs/TS-AIR-011-expression-moments-and-observed-activative-intelligence.md
  bytes: 27991
  sha256: 5052b69a297d71480b3cb070836d20799477a7c1d5850bd0d85dfd818107c386
  status: DRAFT_AFTER_PRD_PENDING_RATIFICATION
- spec_id: TS-AIR-012
  member: specs/TS-AIR-012-canonical-interview-source-package-and-dual-admission.md
  bytes: 27865
  sha256: 9ab5eca69c1ffc84ff54b61c211dbfb6163bae5ed20057deefb70ec38edfd6d6
  status: DRAFT_AFTER_PRD_PENDING_RATIFICATION
- spec_id: TS-AIR-013
  member: specs/TS-AIR-013-campaign-activation-freshness-and-audience-reaction.md
  bytes: 28362
  sha256: 78aa6543d657395dfc5b94074e948b46506d88f73a0b06787c3296a344281928
  status: DRAFT_AFTER_PRD_PENDING_RATIFICATION
- spec_id: TS-AIR-014
  member: specs/TS-AIR-014-relationship-activation-and-reelcast-progression.md
  bytes: 28360
  sha256: 9467223ad328f45a33ce3581232bb788639af63b243e8cdbb101dc2d49a25172
  status: DRAFT_AFTER_PRD_PENDING_RATIFICATION
- spec_id: TS-AIR-015
  member: specs/TS-AIR-015-derivative-activation-final-scripts-and-animation-scene-packages.md
  bytes: 29555
  sha256: 20633a45c8616be662f0b8874b6b5bac23f18051ae009a029110db526c21e8f4
  status: DRAFT_AFTER_PRD_PENDING_RATIFICATION
- spec_id: TS-AIR-016
  member: specs/TS-AIR-016-activation-transfer-fidelity-and-source-fidelity.md
  bytes: 28869
  sha256: 2aa4f37ba4d07efe43db34674c385d88bbf8a8c245ddda65d26145b7a14caf54
  status: DRAFT_AFTER_PRD_PENDING_RATIFICATION
- spec_id: TS-AIR-017
  member: specs/TS-AIR-017-visual-activation-and-composition-before-editing.md
  bytes: 30282
  sha256: f946c95b51505e20d6658abd381a87e46c8156583843f2aa272033240e584ba8
  status: DRAFT_AFTER_PRD_PENDING_RATIFICATION
- spec_id: TS-AIR-018
  member: specs/TS-AIR-018-human-resolution-episodes-and-scoped-learning.md
  bytes: 28436
  sha256: 174eefa0dc774e142c8f01a3f1c0eb123d354a638b0b0a774b5e99d8222a504e
  status: DRAFT_AFTER_PRD_PENDING_RATIFICATION
- spec_id: TS-AIR-019
  member: specs/TS-AIR-019-failure-attribution-selective-repair-and-jit-role-capsules.md
  bytes: 28579
  sha256: 2dbd25575606f15176e04c555a2b8c745f859710b38d8edfd83eafd88ae067e4
  status: DRAFT_AFTER_PRD_PENDING_RATIFICATION
- spec_id: TS-AIR-020
  member: specs/TS-AIR-020-programmed-models-independent-evaluation-and-product-integration.md
  bytes: 29828
  sha256: 515361f1658e8ce21fc70a7b91861a6237002c3ef2a398cd60048b339fd65755
  status: DRAFT_AFTER_PRD_PENDING_RATIFICATION
ahp_assignment_members:
- spec_id: TS-AHP-001
  member: planning/spec_assignments/TS-AHP-001.md
  bytes: 3734
  sha256: 8cec63092278f912def03cc119cc6af782fe2f68c2120cd167b67fb8a7947681
  status: CANDIDATE_PENDING_STORY_AND_AUTHORITY_ACCEPTANCE
- spec_id: TS-AHP-002
  member: planning/spec_assignments/TS-AHP-002.md
  bytes: 2911
  sha256: 3f331c9e16c62317e54ffa17e72e86a971ae12260d47649808aff57960bb83e4
  status: CANDIDATE_PENDING_STORY_AND_AUTHORITY_ACCEPTANCE
- spec_id: TS-AHP-003
  member: planning/spec_assignments/TS-AHP-003.md
  bytes: 3526
  sha256: 14b3b086be858fb8f1752e5249b3584721e1db18aeed51faa41c11bac6eda4f0
  status: CANDIDATE_PENDING_STORY_AND_AUTHORITY_ACCEPTANCE
- spec_id: TS-AHP-004
  member: planning/spec_assignments/TS-AHP-004.md
  bytes: 3543
  sha256: 290407f26cd0f2ab6b5d6aa22d683562df3589a580d8ffac41b3bd8ca1c56d3b
  status: CANDIDATE_PENDING_STORY_AND_AUTHORITY_ACCEPTANCE
- spec_id: TS-AHP-005
  member: planning/spec_assignments/TS-AHP-005.md
  bytes: 2721
  sha256: 59bb2f2e8859248571f8fc03ae70cef7752c004687d90e607703d62e838d17f6
  status: CANDIDATE_PENDING_STORY_AND_AUTHORITY_ACCEPTANCE
- spec_id: TS-AHP-006
  member: planning/spec_assignments/TS-AHP-006.md
  bytes: 2798
  sha256: a28aab8402c6edfd9103e74283dc8212e19ff7c547662b723aa74a944d7d7b5f
  status: CANDIDATE_PENDING_STORY_AND_AUTHORITY_ACCEPTANCE
- spec_id: TS-AHP-007
  member: planning/spec_assignments/TS-AHP-007.md
  bytes: 2586
  sha256: 1205c1e48503d8be77fa067aa4339f9673640f1e29e29ad77fd50833af2aaf46
  status: CANDIDATE_PENDING_STORY_AND_AUTHORITY_ACCEPTANCE
- spec_id: TS-AHP-008
  member: planning/spec_assignments/TS-AHP-008.md
  bytes: 2498
  sha256: 0bcc1a704c93e494fda60d54e622008da1f9009d769761c630f4dfc4cd5a8c59
  status: CANDIDATE_PENDING_STORY_AND_AUTHORITY_ACCEPTANCE
- spec_id: TS-ANI-001
  member: planning/spec_assignments/TS-ANI-001.md
  bytes: 2843
  sha256: 745c325fd3142de2915c394ea9268af01b861eb3d939458e4ec9c8c65b9b1de7
  status: CANDIDATE_PENDING_STORY_AND_AUTHORITY_ACCEPTANCE
- spec_id: TS-ARC-001
  member: planning/spec_assignments/TS-ARC-001.md
  bytes: 2515
  sha256: 9308da426c3228961b0f0c1a6a66ae8953707fcc0dbd38a8ae4641475af9207d
  status: CANDIDATE_PENDING_STORY_AND_AUTHORITY_ACCEPTANCE
- spec_id: TS-BATCH-001
  member: planning/spec_assignments/TS-BATCH-001.md
  bytes: 2849
  sha256: 2f8de9c6f7daff6b618c9f5671e81eafd62d1c3501ed85b897705118dd620acf
  status: CANDIDATE_PENDING_STORY_AND_AUTHORITY_ACCEPTANCE
- spec_id: TS-BRAND-001
  member: planning/spec_assignments/TS-BRAND-001.md
  bytes: 2551
  sha256: 5dfd67e204f4c2fcb17245ea4f5186eae289c4fc2c18e701a37f827ac989b0a0
  status: CANDIDATE_PENDING_STORY_AND_AUTHORITY_ACCEPTANCE
- spec_id: TS-CAR-001
  member: planning/spec_assignments/TS-CAR-001.md
  bytes: 3370
  sha256: 9170800cd46628e2a42267e7a1b23d65016a1ad485ea0ddb842df1d5908ea086
  status: CANDIDATE_PENDING_STORY_AND_AUTHORITY_ACCEPTANCE
- spec_id: TS-CAS-001
  member: planning/spec_assignments/TS-CAS-001.md
  bytes: 2767
  sha256: aec36793bcc9357360eee967385d01803dea717dc297ce44733357e601c1006d
  status: CANDIDATE_PENDING_STORY_AND_AUTHORITY_ACCEPTANCE
- spec_id: TS-CAS-002
  member: planning/spec_assignments/TS-CAS-002.md
  bytes: 3039
  sha256: 4692d37c8868cccb298920d950c1e83ba168a4a4ced2df03e36d84f4a48ae3a4
  status: CANDIDATE_PENDING_STORY_AND_AUTHORITY_ACCEPTANCE
- spec_id: TS-CAS-003
  member: planning/spec_assignments/TS-CAS-003.md
  bytes: 2622
  sha256: 455c4b7616db9ea6d5c4e57e700f34706fa9de4dc82c620bbec7763b2e26c957
  status: CANDIDATE_PENDING_STORY_AND_AUTHORITY_ACCEPTANCE
- spec_id: TS-CAS-004
  member: planning/spec_assignments/TS-CAS-004.md
  bytes: 4412
  sha256: 0b474ac37576051427befafa584c7e9e4ee4d4bbeec613f088eeb68e8fb8efc1
  status: CANDIDATE_PENDING_STORY_AND_AUTHORITY_ACCEPTANCE
- spec_id: TS-CAS-005
  member: planning/spec_assignments/TS-CAS-005.md
  bytes: 2969
  sha256: b695342ae5a47304b26e4e57d6f5515bb8edccd2477bd0b6d180bbd60fc37a1a
  status: CANDIDATE_PENDING_STORY_AND_AUTHORITY_ACCEPTANCE
- spec_id: TS-CAS-006
  member: planning/spec_assignments/TS-CAS-006.md
  bytes: 2941
  sha256: 3e1a1f5c41e9d71cba592ffdc6db7fb944481aeef2408a2d23b51deb2bfbe24f
  status: CANDIDATE_PENDING_STORY_AND_AUTHORITY_ACCEPTANCE
- spec_id: TS-DEL-001
  member: planning/spec_assignments/TS-DEL-001.md
  bytes: 3364
  sha256: 742dbfd7e56b5608c11fb25d254d071ef128615088f0056b5725cbcc628b8927
  status: CANDIDATE_PENDING_STORY_AND_AUTHORITY_ACCEPTANCE
- spec_id: TS-EVAL-001
  member: planning/spec_assignments/TS-EVAL-001.md
  bytes: 3055
  sha256: 5ce2bbd694e2c204359370bfcc95bb45a99511896141493f9f522cfde2cd269e
  status: CANDIDATE_PENDING_STORY_AND_AUTHORITY_ACCEPTANCE
- spec_id: TS-EVAL-002
  member: planning/spec_assignments/TS-EVAL-002.md
  bytes: 3081
  sha256: d47ee195005b41471a297a69ea5c2e5d05c1a54f1e39e800c46cb6440a5a0cfc
  status: CANDIDATE_PENDING_STORY_AND_AUTHORITY_ACCEPTANCE
- spec_id: TS-EVAL-003
  member: planning/spec_assignments/TS-EVAL-003.md
  bytes: 3068
  sha256: a41aeca7988f70e6ace6aed07131eb3e7038c6d5b152ed471e8104830dd19539
  status: CANDIDATE_PENDING_STORY_AND_AUTHORITY_ACCEPTANCE
- spec_id: TS-INT-001
  member: planning/spec_assignments/TS-INT-001.md
  bytes: 3670
  sha256: 843360ccf5d9acb1296e385885c3aa52f19270dce310b0ad44e8d429b42ce4c1
  status: CANDIDATE_PENDING_STORY_AND_AUTHORITY_ACCEPTANCE
- spec_id: TS-INT-002
  member: planning/spec_assignments/TS-INT-002.md
  bytes: 2785
  sha256: cbe6f5fc5c93064e0b78ab9ac9313f7b17b672934e0bd11dd98a69749adbb2e4
  status: CANDIDATE_PENDING_STORY_AND_AUTHORITY_ACCEPTANCE
- spec_id: TS-INT-003
  member: planning/spec_assignments/TS-INT-003.md
  bytes: 2606
  sha256: 515298c9f8819ebc2cc25542c2a3c5810209b24babe428fe4315a977085ffa6b
  status: CANDIDATE_PENDING_STORY_AND_AUTHORITY_ACCEPTANCE
- spec_id: TS-INT-004
  member: planning/spec_assignments/TS-INT-004.md
  bytes: 3097
  sha256: 79453095795dc935d1bc30cf36ec817dc8e7f8be45d43913b82f49bc03ebfd05
  status: CANDIDATE_PENDING_STORY_AND_AUTHORITY_ACCEPTANCE
- spec_id: TS-INT-005
  member: planning/spec_assignments/TS-INT-005.md
  bytes: 2834
  sha256: 917811269b31bc640eb73d0bc0a8e65540761c8a76aba23d29778db161d74023
  status: CANDIDATE_PENDING_STORY_AND_AUTHORITY_ACCEPTANCE
- spec_id: TS-LEARN-001
  member: planning/spec_assignments/TS-LEARN-001.md
  bytes: 3162
  sha256: 68adb1106952a433e25089007a9664ab8ae618528c06baca07555cc732a7f0c5
  status: CANDIDATE_PENDING_STORY_AND_AUTHORITY_ACCEPTANCE
- spec_id: TS-LEARN-002
  member: planning/spec_assignments/TS-LEARN-002.md
  bytes: 2874
  sha256: 2d9ee233e49965fff38c03cf406bc8a4c74f5eb20951b6328a0c1ca5af6e07ba
  status: CANDIDATE_PENDING_STORY_AND_AUTHORITY_ACCEPTANCE
- spec_id: TS-PM-001
  member: planning/spec_assignments/TS-PM-001.md
  bytes: 3298
  sha256: f39e4d413a7347cea4245c72ee44b31363cca3c12da46c9dc42bdfd96ecdc148
  status: CANDIDATE_PENDING_STORY_AND_AUTHORITY_ACCEPTANCE
- spec_id: TS-PRIM-001
  member: planning/spec_assignments/TS-PRIM-001.md
  bytes: 2509
  sha256: ca027dcc1e83e68525d538bf59ab3ca4abd1762c7c920962d78fa5790297dc11
  status: CANDIDATE_PENDING_STORY_AND_AUTHORITY_ACCEPTANCE
- spec_id: TS-REL-001
  member: planning/spec_assignments/TS-REL-001.md
  bytes: 3369
  sha256: 465194f948da11c5a2233b58c5dc8db66ba3017efbf970599266fed672a90a3f
  status: CANDIDATE_PENDING_STORY_AND_AUTHORITY_ACCEPTANCE
- spec_id: TS-REL-002
  member: planning/spec_assignments/TS-REL-002.md
  bytes: 4270
  sha256: 7642f509761a23f4e560905a15a2df6c434234463c062979a20f9c106e066350
  status: CANDIDATE_PENDING_STORY_AND_AUTHORITY_ACCEPTANCE
- spec_id: TS-RET-001
  member: planning/spec_assignments/TS-RET-001.md
  bytes: 2703
  sha256: 3263e7b4726ab0dd342ddc92a20ab5a7d61bb33022302e3c6aac721f87efeaaf
  status: CANDIDATE_PENDING_STORY_AND_AUTHORITY_ACCEPTANCE
- spec_id: TS-SKL-001
  member: planning/spec_assignments/TS-SKL-001.md
  bytes: 2583
  sha256: 7fb2fc59e234371f803f83c5d2bdf83a4153002efd6f0d8fce33007decab0f35
  status: CANDIDATE_PENDING_STORY_AND_AUTHORITY_ACCEPTANCE
- spec_id: TS-SPV-001
  member: planning/spec_assignments/TS-SPV-001.md
  bytes: 3169
  sha256: edbda145eab453d0302bc87440d2808dfc531e3eaecdfe2f66e58f04b0cec9d1
  status: CANDIDATE_PENDING_STORY_AND_AUTHORITY_ACCEPTANCE
- spec_id: TS-STA-001
  member: planning/spec_assignments/TS-STA-001.md
  bytes: 3697
  sha256: 59d8fc1eb4fa8295e5ca2855739d3f3e8d0d2edc34901990d5d42f315652e90f
  status: CANDIDATE_PENDING_STORY_AND_AUTHORITY_ACCEPTANCE
- spec_id: TS-VAE-BOUND-001
  member: planning/spec_assignments/TS-VAE-BOUND-001.md
  bytes: 3213
  sha256: 710a4f72ee19ed1359c6af6ca38705982c8d64fb57f4f9498b2c239698e6057c
  status: CANDIDATE_PENDING_STORY_AND_AUTHORITY_ACCEPTANCE
- spec_id: TS-VID-001
  member: planning/spec_assignments/TS-VID-001.md
  bytes: 5027
  sha256: ec216646fb5f382134c96605820d2f0a7ef580088144131c8887efb3eccede40
  status: CANDIDATE_PENDING_STORY_AND_AUTHORITY_ACCEPTANCE
- spec_id: TS-VID-002
  member: planning/spec_assignments/TS-VID-002.md
  bytes: 3833
  sha256: 7b96faa1e62c2d9141b2e9b12027f35698850ec7c4e6977051b81d88979e9840
  status: CANDIDATE_PENDING_STORY_AND_AUTHORITY_ACCEPTANCE
- spec_id: TS-VID-003
  member: planning/spec_assignments/TS-VID-003.md
  bytes: 3573
  sha256: e30d677782ee1dfd06715999a47915acb120e3e725f20b89908b43070f276115
  status: CANDIDATE_PENDING_STORY_AND_AUTHORITY_ACCEPTANCE
- spec_id: TS-VID-004
  member: planning/spec_assignments/TS-VID-004.md
  bytes: 3459
  sha256: f281526f4c92ba85df14bf277a94cdc5f1bab074eb77a247ea4e093a5ea22b5d
  status: CANDIDATE_PENDING_STORY_AND_AUTHORITY_ACCEPTANCE
- spec_id: TS-VID-005
  member: planning/spec_assignments/TS-VID-005.md
  bytes: 3611
  sha256: 5e59aeb0019140cf2c06e1b380914203acd9404daafc5a00361e05721eadf0ac
  status: CANDIDATE_PENDING_STORY_AND_AUTHORITY_ACCEPTANCE
- spec_id: TS-VID-006
  member: planning/spec_assignments/TS-VID-006.md
  bytes: 2834
  sha256: b978d3d2680f4454528956608cd21ea8b46252e6b260b6db7bc3bc2ff45982a9
  status: CANDIDATE_PENDING_STORY_AND_AUTHORITY_ACCEPTANCE
skills_loaded:
- member: Protocols_and_Skills/Conscious_Activations_V2_1/CA_SPEC_LIFECYCLE_CONTROLLER_SKILL.md
  bytes: 5079
  sha256: b13944fe26a150129817119b5d8f18a6ed128d4d53caba969093c745511a3f5e
  loaded: true
- member: Protocols_and_Skills/Conscious_Activations_V2_1/CA_TECH_SPEC_WRITE_SKILL.md
  bytes: 6304
  sha256: 45b561b2aae3e4c1f8c3f2d8fc48b375ec37856703611edecc50ff084844fbcf
  loaded: true
- member: Protocols_and_Skills/Conscious_Activations_V2_1/CA_TECH_SPEC_AUDIT_SKILL.md
  bytes: 4325
  sha256: fe0e8e9409fee350ac574a15ee49480ec75b9de5a812a9ccb4b689d3b601fcb3
  loaded: true
- member: Protocols_and_Skills/Conscious_Activations_V2_1/CA_TECH_SPEC_REVISE_SKILL.md
  bytes: 2075
  sha256: 4b7e5bc12ba1962ebe7c921653fb952d698904476a1bf787f2adfcbb46cfc1a1
  loaded: true
- member: Protocols_and_Skills/Conscious_Activations_V2_1/CA_TECH_SPEC_REAUDIT_ACCEPT_SKILL.md
  bytes: 2273
  sha256: 4c614998e987656db81c2b464861afd687f3d5bac2b8a4b7fd752e95cb30d063
  loaded: true
- member: Protocols_and_Skills/Conscious_Activations_V2_1/CA_TECH_SPEC_BUILD_SKILL.md
  bytes: 2479
  sha256: e4051f32622b060bd2c0e4095ce15fc656e0ddfc42a1aa68d4517b33f1d4d408
  loaded: true
- member: Protocols_and_Skills/Conscious_Activations_V2_1/templates/CA_BUILD_LEDGER.template.md
  bytes: 213
  sha256: f51de8d3a2f792d5970fee2960e1b29f9cc8e4836beb004bd79831c766ad2b9c
  loaded: true
- member: Protocols_and_Skills/Conscious_Activations_V2_1/templates/SPEC_QUALITY_STATUS_REGISTRY.template.yaml
  bytes: 598
  sha256: a78492fc55b8a5ad10649d789f48e614d9e4fea8c3f2d9f1ab90df80fbabb8d7
  loaded: true
current_status_inputs:
- path: CMF_PROGRAM_CONTROL/03_PROGRAM_STATUS/MASTER_STATUS.md
  exists: true
  bytes: 4809
  sha256: 71d7fdac3c9498c42133c95e141b31241b0fa613426417d9fd81b3d1d656f491
- path: CMF_PROGRAM_CONTROL/03_PROGRAM_STATUS/ALIGNMENT_DASHBOARD.md
  exists: true
  bytes: 2594
  sha256: 7d453a71366ba9e3acdeac040afe2450777d53bb60c2996b7737a60f9c77d7d9
- path: CMF_PROGRAM_CONTROL/04_CROSS_REPO_ISSUES/XRI_REGISTRY.yaml
  exists: true
  bytes: 36032
  sha256: a2739b3a40c535cbc13e915c65740516522f776e0c7df4f7098bcc16ceda1066
- path: 01_ATOMIC_HARNESS_BUILDER/CURRENT_PROJECT_STATUS.md
  exists: true
  bytes: 22390
  sha256: 7653473dfd9a38e5fb231938dad2cf0eab1b29412840c3c9cf16a726bfa352f0
- path: 01_ATOMIC_HARNESS_BUILDER/PROGRAM_STATUS_EXPORT.yaml
  exists: true
  bytes: 34597
  sha256: a1dc913f2d0d4dfbac2570e35649199b04859a7168827e7e2ac3e844e1e38016
- path: 01_ATOMIC_HARNESS_BUILDER/docs/implementation/offline-development/OFFLINE_IMPLEMENTATION_TERMINAL_SUMMARY.yaml
  exists: true
  bytes: 1679
  sha256: 5a02b52deda8c8801084a0d05155ba8e74e060575b1ce3cce290bf124e52e3d5
- path: 01_ATOMIC_HARNESS_BUILDER/docs/implementation/offline-development/MODEL_NEUTRAL_HANDOFF.yaml
  exists: true
  bytes: 3807
  sha256: 120cee9ee6f5fa03872fdbc5a83e6db871d64020918d7ae4a2127e2b030f13fc
- path: 01_ATOMIC_HARNESS_BUILDER/docs/evidence-closure/TERMINAL_STATE_RECONCILIATION.yaml
  exists: true
  bytes: 1693
  sha256: 3a55e98af20f73ca43d8defc100244092dd5b28ab439cb6ba52a2bd52d60dc89
- path: 02_VISUAL_ASSET_EDITOR/CURRENT_PROJECT_STATUS.md
  exists: true
  bytes: 3660
  sha256: 383b31d94b3623cf7884d5b4d6297d860444b865cc92d3fc3ad2226dc461f95a
- path: 02_VISUAL_ASSET_EDITOR/PROGRAM_STATUS_EXPORT.yaml
  exists: true
  bytes: 10861
  sha256: 8d994e66be44930c522370c217b9999b84e7ac606063246c42bdcbe74c89665b
- path: 02_VISUAL_ASSET_EDITOR/docs/implementation/IMPLEMENTATION_READINESS.md
  exists: true
  bytes: 26504
  sha256: 152ed1a0bad5de4985f33814e43ec061b52f63e4c6f30a902098145862210bd3
- path: 02_VISUAL_ASSET_EDITOR/docs/readiness-evidence/READINESS_EVIDENCE_VERDICT.md
  exists: true
  bytes: 1345
  sha256: 0e2ffb2b1ce44633ebafae7968e18a52d564c6f6714d8af94f1c3299a970796f
- path: 03_DELEGATION_PROTOCOL/CURRENT_PROJECT_STATUS.md
  exists: true
  bytes: 2732
  sha256: 612dbb6ad0f3db410875f915472dc1e17cf9e820dcc3c1d263a032c915b83d0b
- path: 03_DELEGATION_PROTOCOL/PROGRAM_STATUS_EXPORT.yaml
  exists: true
  bytes: 5587
  sha256: 78f7595eddf5b09de4dfcae87f754b9ca8d53446de497497507786d1b728b326
source_path_resolution:
  official_named_source_ids: 171
  classified_exactly_once: true
  class_counts:
    REQUIRED_AUTHORITY: 15
    REQUIRED_CURRENT_IMPLEMENTATION: 8
    REQUIRED_UNIQUE_EVIDENCE: 105
    OPTIONAL_REFERENCE: 2
    DEFERRED_REFERENCE: 29
    SUPERSEDED: 12
  unresolved_required_paths: []
  unresolved_required_path_count: 0
  optional_or_deferred_gap_count: 28
  SRC_EXT_001:
    prior_authority: reference_only
    current_class: DEFERRED_REFERENCE
    bytes_available: false
    unique_active_requirement_dependency: false
    blocks_prompt03: false
  result: PASS_NO_UNRESOLVED_REQUIRED_SOURCE_PATH
claim_ceiling: INPUTS_HASHED_AND_SOURCES_DISPOSED_FOR_SPECIFICATION_QUEUE_ONLY
source_disposition_governance_loaded:
- member: Protocols_and_Skills/Conscious_Activations_V2_1/HOTFIX_P02_SRC_001.md
  bytes: 960
  sha256: 3141deb5be1a32e343502d1d3667a39d41591cd1656f4caf679468c0abc57759
  loaded: true
- member: Protocols_and_Skills/Conscious_Activations_V2_1/P02_SRC_001_SOURCE_DISPOSITION_DECISION.yaml
  bytes: 868
  sha256: 4dd8490843ebad81ff8ec1f1b5ebb94c7866fc7e1a3ba7090b59c806be6db9ab
  loaded: true
- member: Protocols_and_Skills/Conscious_Activations_V2_1/V3_1_SOURCE_GATE_CHANGELOG.md
  bytes: 290
  sha256: bf9aacecb35aee2dc1a16c50465e2efddbb2500155970f48822c701ebe4f869e
  loaded: true
- member: Protocols_and_Skills/Conscious_Activations_V2_1/templates/SOURCE_DISPOSITION_LEDGER.template.yaml
  bytes: 587
  sha256: c37e52f8cfb954530bffccd1bc5f798ad982041ae23c3c4f0099b04b36c44714
  loaded: true
- member: Protocols_and_Skills/Conscious_Activations_V2_1/templates/SOURCE_GAP_NOTICE.template.yaml
  bytes: 440
  sha256: 1b8947eaa60a02bf64c7633e421174ad2f4cad9a9ce118705d7d14ae4c42eca7
  loaded: true
