schema_version: ca-air-source-lock/v1
generated_on: '2026-07-22'
source_count: 59
sources:
- source_id: SRC-AI2-001
  copied_path: sources/ai_v2_predecessor/00_ACTIVATIVE_INTELLIGENCE_LIFECYCLE_CONSTITUTION_V2.md
  sha256: 619331517d748d71e3f0ee8750bd0d9e1a1bbf9f143ade5dd339caeb50d33c58
  bytes: 32769
  member_count: 1
- source_id: SRC-AI2-002
  copied_path: sources/ai_v2_predecessor/05_PRODUCT_REQUIREMENTS_V2.md
  sha256: 0b5de954d06920448a21be4b5c765eb82b39c4b23acd042d984caa7cd85b7996
  bytes: 28263
  member_count: 1
- source_id: SRC-AI2-CAMPAIGN-001
  copied_path: sources/ai_v2_predecessor/contracts/08_CAMPAIGN_ACTIVATION_PROGRAM.md
  sha256: 902d0a9aea819a16388bac2283b6e15a6414ae73dda32270f22f06ee942f866d
  bytes: 318
  member_count: 1
- source_id: SRC-AI2-CONTRACT-001
  copied_path: sources/ai_v2_predecessor/contracts/02_INTERVIEW_ASSET_CONTRACT.md
  sha256: 815516bb5cdd63706c881edcba3ed349fd41ec37b164ec6422ead4a8a377c51d
  bytes: 444
  member_count: 1
- source_id: SRC-AI2-EXPRESSION-001
  copied_path: sources/ai_v2_predecessor/contracts/04_EXPRESSION_MOMENT.md
  sha256: 049fdb1711f3aa0cddc3d85e48491c9e0aa8f2b878e0f3fbb25dbc1b6a755802
  bytes: 436
  member_count: 1
- source_id: SRC-AI2-HRE-001
  copied_path: sources/ai_v2_predecessor/contracts/09_HUMAN_RESOLUTION_EPISODE.md
  sha256: 8c8c5a3a5632827bfa9ab35b6f86fbc34b79ecb8e1f84dc13aedc1af5fce5e96
  bytes: 374
  member_count: 1
- source_id: SRC-AI2-LIVE-001
  copied_path: sources/ai_v2_predecessor/07_LIFECYCLE_STATE_MACHINES.md
  sha256: 403f684a14160ac974cdfd0f45ca25645a5a0a38e07628d7096d80d87a5236cb
  bytes: 1285
  member_count: 1
- source_id: SRC-AI2-MODEL-001
  copied_path: sources/ai_v2_predecessor/reference_implementation/models.py
  sha256: f392c940349c3c5f9586a359fd8497ce1b8368de1b6654357deb146a686efd97
  bytes: 24677
  member_count: 1
- source_id: SRC-AI2-REACTION-001
  copied_path: sources/ai_v2_predecessor/contracts/03_REACTION_OBSERVATION_AND_RECEIPT.md
  sha256: 491d08c9ee2c89bfb79a53eaca625eaf5fd77048680b909698e5424e597349f3
  bytes: 519
  member_count: 1
- source_id: SRC-AI2-REL-001
  copied_path: sources/ai_v2_predecessor/schemas/relationship_activation_state.schema.json
  sha256: 2829512d2e6aeb4bd695cd5c9f2382d76ac3b16c755c50ab8443fa2aaf7ecc1c
  bytes: 2477
  member_count: 1
- source_id: SRC-AI2-REPAIR-001
  copied_path: sources/ai_v2_predecessor/contracts/11_FAILURE_ATTRIBUTION_AND_REPAIR_PROGRAM.md
  sha256: b25670847d79678eb0d269656afe38cd45d0a9244b47d5051dea931379ec2ae7
  bytes: 274
  member_count: 1
- source_id: SRC-AI2-SOURCE-001
  copied_path: sources/ai_v2_predecessor/contracts/05_CANONICAL_INTERVIEW_SOURCE_PACKAGE.md
  sha256: 568fd028786e3ad87b1e65f0ee0f49dcc45b2745261e8003f3b75104f5544bd1
  bytes: 383
  member_count: 1
- source_id: SRC-AI2-TRANSFER-001
  copied_path: sources/ai_v2_predecessor/contracts/07_ACTIVATION_TRANSFER_CONTRACT.md
  sha256: 9a84914ced08453701b150f4d1f3720f8aef688870bc0016bd551a774a5e1580
  bytes: 414
  member_count: 1
- source_id: SRC-AI2-VISUAL-001
  copied_path: sources/ai_v2_predecessor/schemas/visual_narrative_program.schema.json
  sha256: 1f1d9d5229156b2a9dfe0467f0879a1d057310825de1e0a774cac4f3188ffb46
  bytes: 4335
  member_count: 1
- source_id: SRC-AHP-001
  copied_path: sources/doctrine/AHP_PRD_V1_2_PRIMITIVE_ARCHETYPE_CENTERED.md
  sha256: 387568731acfe57f022a2fadcd2acfc73baf1287b8a5a1e1d3ed78675ccb067d
  bytes: 589093
  member_count: 1
- source_id: SRC-AHP-F03-001
  copied_path: sources/doctrine/AHP_F03_BOUNDED_ROLE_TAXONOMY.md
  sha256: 1d50940d7313b89331e872b63393276267e698cb5908254479e216a234f3ec77
  bytes: 17889
  member_count: 1
- source_id: SRC-AHP-F09-001
  copied_path: sources/doctrine/AHP_F09_COMPOSITION_IR.md
  sha256: 68db87fa583d639af2ebdc707e9f94e7bca50af9b981dca1dd9c2f6be8eef456
  bytes: 18941
  member_count: 1
- source_id: SRC-AHP-F15-001
  copied_path: sources/doctrine/AHP_F15_VAE_DELEGATION_GNM.md
  sha256: eb65e84b126369a3067464a0dc9bd7c0dec72ebd168111cdb7f1fdef69333f44
  bytes: 18207
  member_count: 1
- source_id: SRC-AHP-F16-001
  copied_path: sources/doctrine/AHP_F16_EVALUATION_REPAIR.md
  sha256: 0a247a2025ef803df09e8bfc97b9456d73a64cf2f867598135b3c8ba03a668e2
  bytes: 18469
  member_count: 1
- source_id: SRC-AHP-F23-001
  copied_path: sources/doctrine/AHP_F23_BATCH_ARCHETYPE_ROUTING.md
  sha256: 94833575d71b8c04fb0bcab11ca02e99865502bbb7c8445d25a41c9c985d816d
  bytes: 17132
  member_count: 1
- source_id: SRC-AHP-F25-001
  copied_path: sources/doctrine/AHP_F25_STATIC_ANIMATION_DERIVATIVES.md
  sha256: dbab88c994da95fbead65abfba4984d0efa3cd8a2fb27598997bd9886c37d293
  bytes: 17410
  member_count: 1
- source_id: SRC-AHP-F26-001
  copied_path: sources/doctrine/AHP_F26_HUMAN_RESOLUTION.md
  sha256: f6ce81b7f5a8db6b7e6545299a2f526e344136b51cd4ac887b4300698110b54a
  bytes: 16765
  member_count: 1
- source_id: SRC-AHP-F28-001
  copied_path: sources/doctrine/F28-psychological-role-archetype-coalition-and-final-script-authority.md
  sha256: 0a130c459707e309ae323f769b00d0f82f866b8bfddf6eb42546a5de4f78370c
  bytes: 14624
  member_count: 1
- source_id: SRC-AHP-F29-001
  copied_path: sources/doctrine/F29-primitive-first-coalition-composition-and-evaluation.md
  sha256: 80be79e53616e28b0e86604f9e6f6d94ffd02308aa0618766ea912c62c9e03bc
  bytes: 14271
  member_count: 1
- source_id: SRC-AHP-F30-001
  copied_path: sources/doctrine/F30-brand-genesis-voice-visual-dna-distillation-and-anti-centroid-integrity.md
  sha256: 20765b8509550271f43590293cd3f95387c892c69240ae9d41c5dd1c32d9deb5
  bytes: 14697
  member_count: 1
- source_id: SRC-AHP-MODEL-001
  copied_path: sources/doctrine/AHP_F07_PROGRAMMED_MODELS.md
  sha256: 4de5f4f896832a1185bf8d71e19c28e042aaaedd6896f0c12dc9ba03dcdb0258
  bytes: 18546
  member_count: 1
- source_id: SRC-AHP-PORTFOLIO-001
  copied_path: sources/doctrine/AHP_F08_CANDIDATE_SEARCH.md
  sha256: 645bbd86cea223842661ecfa03ccd21f046a9470cecb98735e2da9f46ec15a11
  bytes: 16743
  member_count: 1
- source_id: SRC-SOURCE-FIRST-001
  copied_path: sources/doctrine/AHP_PRD_V1_1_SOURCE_FIRST.md
  sha256: cc1cfa721238b999adb1612e805fad60c61c07c566df19d5044fc9e069651508
  bytes: 517771
  member_count: 1
- source_id: SRC-ARCH-001
  copied_path: sources/doctrine/CCP_ARCHETYPE_SYSTEM_MIGRATION_PROPOSITION.md
  sha256: 2d7aa11b72c83a95d9240784978e3b9af4944a3e037f18746f8b204bc3287188
  bytes: 35537
  member_count: 1
- source_id: SRC-ARCH-002
  copied_path: sources/cmf_archetype_prompt_snapshot
  sha256: 2dc58719949f1da027f20253baa74dd88b82ea20d39bc0aa63201c4ffeb8bcf6
  bytes: 878056
  member_count: 96
- source_id: SRC-BRAND-001
  copied_path: sources/doctrine/CCP_CMF_BRAND_GENESIS_AND_MICRO_SEMIOTIC_PIPELINE_V3.md
  sha256: 61710fe56484b569ce28ddefadbb4c8047e9ae48cadf25291423cf4f200e3dcb
  bytes: 45066
  member_count: 1
- source_id: SRC-CBAR-001
  copied_path: sources/spec_methods/SKILL_CBAR_Epic_Story_Hardening.md
  sha256: abc118f1124e2d28d10506d6b1c23075202e3b69c8f59d485ca5dd186207c115
  bytes: 15992
  member_count: 1
- source_id: SRC-CCV-001
  copied_path: sources/doctrine/CCV_COMBINATORIAL_CONTROLLED_VARIATION.md
  sha256: 0869ff50e4bdaba3dc1854183100826d0de9568b9ed5558bf68b4590834a62c4
  bytes: 36970
  member_count: 1
- source_id: SRC-DOCTRINE-001
  copied_path: sources/spec_methods/CURRENT_WRITING_PROFILE_AHP_V1_2.md
  sha256: ba88c5572ae3f7571daac9991a0d325a20f491cb9c0ea7c3816deb3ff3d32956
  bytes: 11536
  member_count: 1
- source_id: SRC-HARNESS-RESEARCH-001
  copied_path: sources/research/Better_Harnesses_Smaller_Models.pdf
  sha256: 3fac74f3152a8ec2cd6d28e98a6e5cff323fea9c39e7328bdb38bfb0b3003b17
  bytes: 696336
  member_count: 1
- source_id: SRC-INT-001
  copied_path: sources/doctrine/CCP_V9_INTERVIEW_FIRST_EXPRESSION_ENGINE.md
  sha256: c9014d284080b0d927fc496f292f6c58220790bdb63aff70a004d8a42c997007
  bytes: 43321
  member_count: 1
- source_id: SRC-INT-002
  copied_path: sources/doctrine/CCP_V9_1_EXPRESSION_CAPTURE_ARCHETYPE_ROUTING.md
  sha256: 58e92fee3f9486ab524d1229c4759566f760b6cc91472aff279e457b0b52482b
  bytes: 24239
  member_count: 1
- source_id: SRC-MOE-001
  copied_path: sources/doctrine/MATRIX_OF_EDGING.md
  sha256: 7ba1858cd9238a63f32d28e9cc8e7bbe306ba82ac5fa5af4a0346128aa3b6ebb
  bytes: 15982
  member_count: 1
- source_id: SRC-PRIM-001
  copied_path: sources/doctrine/MEANING_PRIMITIVE_REGISTRY_SPEC.md
  sha256: 1851f4e8e07beb6e1886e91f45d8bb12cf38d6fc8af8f20e314788d6d47d7e5f
  bytes: 7035
  member_count: 1
- source_id: SRC-PRIM-002
  copied_path: sources/doctrine/EXPERIENCE_PRIMITIVE_REGISTRY_SPEC.md
  sha256: 5cb5f1b568c84e41bbbf2ccbb18b938ccee5de1c6cab5cbee96343d88adaee72
  bytes: 11111
  member_count: 1
- source_id: SRC-PRIM-003
  copied_path: sources/cmf_primitive_registry_snapshot
  sha256: 4a3423b0fce2b30c58e65275a656a0188693656406dd12269fe2e58d4d514447
  bytes: 1766481
  member_count: 244
- source_id: SRC-RECENT-001
  copied_path: sources/research/Efficient_Skill_Grounding_RECENT.pdf
  sha256: 608d8570469d44a79f4ac3ab06cf662eb4aa2a953aca321152f81cbc07fba7a8
  bytes: 12104822
  member_count: 1
- source_id: SRC-RSCS-001
  copied_path: sources/doctrine/RSCS_RECURSIVE_SIGNAL_COMPRESSION_SYSTEMS.md
  sha256: bb8ebfcd5c519649b4363731cf11434ce600c71fb5e1d020abb59cbb51b8a330
  bytes: 29832
  member_count: 1
- source_id: SRC-SDA-001
  copied_path: sources/cmf_sda_registry_snapshot
  sha256: ded8e22b39a4bbefa394b86a7b379f880ef83f56c8f901b12eb5dfac5f642200
  bytes: 12379
  member_count: 14
- source_id: SRC-SFL-001
  copied_path: sources/cmf_sfl_registry_snapshot
  sha256: 327cc36abee9428e416fab6b4d1880a26c02bf4082b16a52f6184c7dfdbb7ad1
  bytes: 44200
  member_count: 30
- source_id: SRC-STUDIO-AMENDMENT-001
  copied_path: sources/brownfield/CONSCIOUS_ACTIVATIONS_STUDIO_ARCHITECTURE_AMENDMENT_V2_1.zip
  sha256: 9059fe3cad98c5d6ca0f9584f091ac503a5e5a9279a4a476821db816dc7603b8
  bytes: 13678
  member_count: 1
- source_id: SRC-VISUAL-DOCTRINE-001
  copied_path: sources/doctrine/CCP_CREATIVE_PIPELINE_ARCHITECTURE_V2.md
  sha256: 8b9175d8631eff50b7f6c959ad245b87f9b307577b51e6dd4d2f622fd44175e8
  bytes: 61539
  member_count: 1
- source_id: SRC-AI2-OBJECT-001
  copied_path: sources/ai_v2_predecessor/06_CANONICAL_OBJECT_MODEL.md
  sha256: 18a6ffc82f8d980ee72ba05f99cff6eb8aea22aa0a2ed16f245cf2d51935872a
  bytes: 1483
  member_count: 1
- source_id: SRC-AI2-PLANNING-001
  copied_path: sources/ai_v2_predecessor/EPICS_AND_VERTICAL_STORIES.md
  sha256: 5adb2fef2d61fc6ce745a6d3ac120479bf4766ded8e425a6b6c10aa7a96b02cc
  bytes: 2670
  member_count: 1
- source_id: SRC-AI2-SPEC-001
  copied_path: sources/ai_v2_predecessor/TECH_SPEC_INVENTORY.md
  sha256: cc52771ff6720a39f0a43bbb3c608dc55ff598701f7bff26457f9a5af4ff4f04
  bytes: 1121
  member_count: 1
- source_id: SRC-AI2-SKILL-001
  copied_path: sources/ai_v2_predecessor/AI2_SKILL.md
  sha256: 9171917f61dc5735c66c53fe37404645e1ef8d9ce6fd0a53c3d20d1bd57df2b5
  bytes: 2289
  member_count: 1
- source_id: SRC-BROWNFIELD-AUDIT-001
  copied_path: sources/brownfield/CMF_STUDIO_PREDECESSOR_MIGRATION_AUDIT_V1.md
  sha256: 5912930b2abfb376aef67c140bb745845ede054b07ad6aa0e9bb77f9a06301d7
  bytes: 10966
  member_count: 1
- source_id: SRC-STATE-RECON-001
  copied_path: sources/brownfield/CURRENT_STATE_RECONCILIATION.md
  sha256: 6e9478a31b5b3db3e4c83e86a9275ba4fe05676bb95e206dd62411af1352e905
  bytes: 1034
  member_count: 1
- source_id: SRC-REUSE-CROSSWALK-001
  copied_path: sources/brownfield/EXACT_SOURCE_REUSE_CROSSWALK.csv
  sha256: c8c97f5d2003d070180a7061484609b2f9c8ef990efa116914f05b4e400e7820
  bytes: 21449
  member_count: 1
- source_id: SRC-GAP-ANALYSIS-001
  copied_path: sources/brownfield/ACTIVATIVE_INTELLIGENCE_GAP_ANALYSIS.md
  sha256: 83894499b8fd8ea0cf2cdbc8a3ab63b2ad5a3ced4c985697d04a680d2cb725c2
  bytes: 24720
  member_count: 1
- source_id: SRC-PRD-METHOD-001
  copied_path: sources/spec_methods/SKILL_PRD_Module_Writer.md
  sha256: 40a3d9ba96001d4817ead035115f3ba040cecd6e40e41775a934a495b9eae834
  bytes: 13832
  member_count: 1
- source_id: SRC-EPIC-METHOD-001
  copied_path: sources/spec_methods/ERA3_Epic_and_Story_Writing_Protocol.md
  sha256: deee4e2e753cf126382ce27e6ef43c0fc778322eda75ca042008655f6e344358
  bytes: 5270
  member_count: 1
- source_id: SRC-TECHSPEC-METHOD-001
  copied_path: sources/spec_methods/ERA3_Tech_Spec_Writing_Protocol.md
  sha256: 6af049310273b5010f0df1827392dfdf80b8631059de73c417d45b1c0049534c
  bytes: 39331
  member_count: 1
- source_id: SRC-PRIM-CODE-001
  copied_path: sources/doctrine/PRIMITIVE_COALITION_CONTRACT.py
  sha256: 990735d588e03004cbee780cea7e3623361a7fa70991e898ff13f173618cbf08
  bytes: 8681
  member_count: 1
forbidden_reinterpretations:
- do_not_treat_historical_archetype_prompts_as_current_authority
- do_not_treat_primitive_names_as_sufficient_without_exact_yaml
- do_not_treat_planned_activation_as_observed_evidence
- do_not_treat_activative_contract_compiler_as_semantic_runtime
- do_not_treat_planning_completion_as_implementation_or_production_evidence
