schema_version: conscious-activations-v2.1-source-input-lock/v1
lock_id: CA-PC-V2.1-SOURCE-LOCK-2026-07-22
recorded_on: "2026-07-22"
workspace_root: D:/Work/CONSCIOUS_ACTIVATIONS
verification_mode: byte_read_sha256_zip_crc_manifest_and_source_lock
overall_result: PASS
all_mandatory_inputs_verified: true
historical_preflight_record:
  path: CMF_PROGRAM_CONTROL/03_PROGRAM_STATUS/V2_1_MISSING_INPUT_REPORT.yaml
  classification: immutable_historical_stop_record
  superseded_for_current_execution_by: CA-PC-V2.1-SOURCE-LOCK-2026-07-22
  modified: false
inputs:
  - input_id: AHP_PRD_V1_2
    required_name: CONSCIOUS_ACTIVATIONS_AHP_PRD_V1_2_PRIMITIVE_ARCHETYPE_CENTERED.zip
    path: D:/Work/CONSCIOUS_ACTIVATIONS/CONSCIOUS_ACTIVATIONS_AHP_PRD_V1_2_PRIMITIVE_ARCHETYPE_CENTERED.zip
    bytes: 688137
    sha256: b85a2888e33ec9d41e6a82461ec11f4d136b4b3cd42c06a67d94a470afbf0b9d
    archive_member_count: 136
    zip_crc_result: PASS
    duplicate_member_result: PASS_NONE
    unsafe_member_path_result: PASS_NONE
    package_manifest:
      result: PASS_DECLARED_SCOPE
      path: CONSCIOUS_ACTIVATIONS_AHP_PRD_V1_2_PRIMITIVE_ARCHETYPE_CENTERED/PACKAGE_MANIFEST.json
      sha256: 3a10b93147b4721b0294be862c8fc39b2c6b98beb3be4385171227635e40da15
      listed_payload_entries: 133
      listed_payload_bytes: 2521968
      hash_and_size_checks: PASS_133_OF_133
      independently_verified_nested_manifests: 2
      note: The two nested source-package manifests are container metadata and are not listed by the root payload manifest.
    source_lock:
      result: NOT_PRESENT_PACKAGE_MANIFEST_IS_THE_AVAILABLE_INTEGRITY_AUTHORITY
    validation:
      result: PASS_MECHANICAL_DRAFT_WITH_HUMAN_AND_IMPLEMENTATION_GATES_OPEN
      receipt: CONSCIOUS_ACTIVATIONS_AHP_PRD_V1_2_PRIMITIVE_ARCHETYPE_CENTERED/validation/COMPLETION_RECEIPT.yaml
      human_ratified: false
      implementation_authorized: false
      production_ready: false
      certified: false
    disposition: VERIFIED_CANDIDATE_INPUT_NOT_CURRENT_AUTHORITY

  - input_id: AIR_V2_1_FULL_BUNDLE
    required_name: CONSCIOUS_ACTIVATIONS_ACTIVATIVE_INTELLIGENCE_RUNTIME_V2_1_FULL_BUNDLE.zip
    path: D:/Work/CONSCIOUS_ACTIVATIONS/CONSCIOUS_ACTIVATIONS_ACTIVATIVE_INTELLIGENCE_RUNTIME_V2_1_FULL_BUNDLE.zip
    bytes: 14283363
    sha256: 985227a8645f050e4789456933ac8845108a070ad44441177601fc7c0e8d7e76
    archive_member_count: 667
    zip_crc_result: PASS
    duplicate_member_result: PASS_NONE
    unsafe_member_path_result: PASS_NONE
    package_manifest:
      result: PASS
      path: CONSCIOUS_ACTIVATIONS_ACTIVATIVE_INTELLIGENCE_RUNTIME_V2_1_FULL_BUNDLE/PACKAGE_MANIFEST.json
      sha256: ef8ca6a65b321cf748bf6580c7bdd7a413f2fcba339589855d16d7f65c6ca943
      listed_payload_entries: 666
      listed_payload_bytes: 21310741
      hash_and_size_checks: PASS_666_OF_666
      declared_bundle_digest: b2fb26b154bec58ff6314ed1cd1b151e74c89796d5ff3c66722f5044ab2aff31
      declared_bundle_digest_result: PASS_CANONICAL_FILE_ARRAY_SHA256
    source_lock:
      result: PASS
      path: CONSCIOUS_ACTIVATIONS_ACTIVATIVE_INTELLIGENCE_RUNTIME_V2_1_FULL_BUNDLE/SOURCE_LOCK.yaml
      sha256: b21cbdb5c0ffea8fd8a0b2daf15683295cb3021e4253afc0153da32d0b1b09d1
      source_count: 59
      direct_file_sources_verified: 55
      directory_snapshot_sources_verified: 4
      directory_snapshot_member_counts:
        SRC-ARCH-002: 96
        SRC-PRIM-003: 244
        SRC-SDA-001: 14
        SRC-SFL-001: 30
    validation:
      result: PASS_PLANNING_PACKAGE_WITH_CLAIM_GATES_OPEN
      receipt: CONSCIOUS_ACTIVATIONS_ACTIVATIVE_INTELLIGENCE_RUNTIME_V2_1_FULL_BUNDLE/validation/COMPLETION_RECEIPT.yaml
      human_ratified: false
      implementation_authorized: false
      implementation_complete: false
      real_human_evidence: false
      external_product_integration_evidence: false
      production_ready: false
      certified: false
    disposition: VERIFIED_CANDIDATE_INPUT_NOT_CURRENT_AUTHORITY

  - input_id: CMF_STUDIO_REFERENCE
    required_name: THE_CMF_STUDIO(2).zip
    path: D:/Work/CONSCIOUS_ACTIVATIONS/THE_CMF_STUDIO(2).zip
    bytes: 60114855
    sha256: 2fd48bb14f61890ffeb8d9999be6f55b79e8e1156067addc47a08d5cbb91ea4c
    archive_member_count: 4743
    zip_crc_result: PASS
    duplicate_member_result: PASS_NONE
    unsafe_member_path_result: PASS_NONE
    package_manifest:
      result: NOT_PRESENT_AT_ARCHIVE_ROOT
    source_lock:
      result: NOT_PRESENT_AT_ARCHIVE_ROOT
    validation:
      result: PASS_READABLE_REFERENCE_ARCHIVE_WITH_NO_ROOT_PACKAGE_CLAIM
      current_handoff_claim: structured_brownfield_studio_not_production_ready
      real_execution_readiness: low_to_medium
    disposition: VERIFIED_REFERENCE_EVIDENCE_ONLY_NOT_PROMOTED_TO_AUTHORITY

  - input_id: SPECS_BUILDER_CA_LIFECYCLE_LIBRARY
    required_description: updated Specs Builder Library containing the Conscious Activations lifecycle Skills
    supplied_name: Specs_Builder_Library_CA_V2_1.zip
    path: D:/Work/CONSCIOUS_ACTIVATIONS/Specs_Builder_Library_CA_V2_1.zip
    bytes: 152379
    sha256: e37d0013e430dc4f0d8bae553077d928118bd862ba9eb799235f58f2c9e323b8
    archive_member_count: 35
    zip_crc_result: PASS
    duplicate_member_result: PASS_NONE
    unsafe_member_path_result: PASS_NONE
    package_manifest:
      result: NOT_PRESENT_AT_ARCHIVE_ROOT
    source_lock:
      result: NOT_PRESENT_AT_ARCHIVE_ROOT
    validation:
      result: PASS_CA_LIFECYCLE_SKILLS_6_OF_6_PRESENT_NONEMPTY_AND_READABLE
      lifecycle_sequence: [WRITE, AUDIT, REVISE, REAUDIT, ACCEPTED_FOR_BUILD, CAPSULE, BUILD, INTEGRATION]
      skills:
        - CA_SPEC_LIFECYCLE_CONTROLLER_SKILL.md
        - CA_TECH_SPEC_WRITE_SKILL.md
        - CA_TECH_SPEC_AUDIT_SKILL.md
        - CA_TECH_SPEC_REVISE_SKILL.md
        - CA_TECH_SPEC_REAUDIT_ACCEPT_SKILL.md
        - CA_TECH_SPEC_BUILD_SKILL.md
    disposition: VERIFIED_GOVERNED_PROCESS_INPUT_NOT_PRODUCT_AUTHORITY
claim_ceiling:
  current_authority_changed: false
  source_tree_creation_authorized: false
  product_implementation_authorized: false
  production_authorized: false
  certification_granted: false
