schema_version: conscious-activations-spec-wave-dispatch-lock/v1
wave: 10
locked_on: '2026-07-22'
state: DISPATCHED
prior_wave_receipt: WAVE_09_COMPLETION.yaml
paths_disjoint: true
available_child_slots: 3
parallel_batch_count: 1
specs:
  - {spec_id: TS-AIR-016, upstream_spec_ids: [TS-AIR-015]}
frozen_upstreams:
  TS-AIR-015: {path: 04_ACTIVATIVE_INTELLIGENCE_RUNTIME/docs/tech-specs/TS-AIR-015.md, quality_state: WRITTEN_PENDING_AUDIT, sha256: 58946bef28d60b991fd2897429f199534c104b9096b977125f2e5b6a710a03d8, label: DRAFT_DEPENDENCY_NOT_ACCEPTED}
authority_state: CANDIDATE_NOT_CURRENT
build_authority: false
