schema_version: conscious-activations-spec-wave-dispatch-lock/v1
wave: 11
locked_on: '2026-07-22'
state: DISPATCHED
prior_wave_receipt: WAVE_10_COMPLETION.yaml
paths_disjoint: true
available_child_slots: 3
parallel_batch_count: 1
specs:
  - {spec_id: TS-AHP-003, upstream_spec_ids: [TS-AHP-002, TS-INT-005, TS-AIR-015, TS-AIR-016]}
  - {spec_id: TS-AIR-017, upstream_spec_ids: [TS-AIR-015, TS-AIR-016]}
frozen_upstreams:
  TS-AHP-002: {path: 05_ATOMIC_HARNESS_PIPELINE/docs/tech-specs/TS-AHP-002.md, quality_state: WRITTEN_PENDING_AUDIT, sha256: 3e76ee7e4ec8f3b288a58bb8b8eb886195d9ad17097c67ded613c22fbb3dccd4, label: DRAFT_DEPENDENCY_NOT_ACCEPTED}
  TS-INT-005: {path: 06_INTERVIEW_EXPRESSION/docs/tech-specs/TS-INT-005.md, quality_state: WRITTEN_PENDING_AUDIT, sha256: ffdac05544b34230765c0e3f0eca32f77a471886fdb1871ecec4ba7b536f6416, label: DRAFT_DEPENDENCY_NOT_ACCEPTED}
  TS-AIR-015: {path: 04_ACTIVATIVE_INTELLIGENCE_RUNTIME/docs/tech-specs/TS-AIR-015.md, quality_state: WRITTEN_PENDING_AUDIT, sha256: 58946bef28d60b991fd2897429f199534c104b9096b977125f2e5b6a710a03d8, label: DRAFT_DEPENDENCY_NOT_ACCEPTED}
  TS-AIR-016: {path: 04_ACTIVATIVE_INTELLIGENCE_RUNTIME/docs/tech-specs/TS-AIR-016.md, quality_state: WRITTEN_PENDING_AUDIT, sha256: 5e4437baff399f65a2b0b63c6f3a43e91145fbd188dbcb503bf67cc09e24cddc, label: DRAFT_DEPENDENCY_NOT_ACCEPTED}
authority_state: CANDIDATE_NOT_CURRENT
build_authority: false
