schema_version: conscious-activations-spec-wave-dispatch-lock/v1
wave: 13
locked_on: '2026-07-22'
state: DISPATCHED_IN_MAXIMAL_PARALLEL_BATCHES
prior_wave_receipt: WAVE_12_COMPLETION.yaml
paths_disjoint: true
available_child_slots: 3
parallel_batch_count: 3
specs:
  - {spec_id: TS-VID-002, upstream_spec_ids: [TS-VID-001, TS-INT-004]}
  - {spec_id: TS-AHP-004, upstream_spec_ids: [TS-AHP-002, TS-AIR-019]}
  - {spec_id: TS-RET-001, upstream_spec_ids: [TS-AHP-002, TS-AIR-019]}
  - {spec_id: TS-VAE-BOUND-001, upstream_spec_ids: [TS-DEL-001]}
  - {spec_id: TS-EVAL-002, upstream_spec_ids: [TS-EVAL-001]}
  - {spec_id: TS-CAR-001, upstream_spec_ids: [TS-STA-001, TS-AHP-003]}
  - {spec_id: TS-SPV-001, upstream_spec_ids: [TS-STA-001, TS-AHP-003]}
frozen_upstreams:
  TS-AHP-002: {path: 05_ATOMIC_HARNESS_PIPELINE/docs/tech-specs/TS-AHP-002.md, quality_state: WRITTEN_PENDING_AUDIT, sha256: 3e76ee7e4ec8f3b288a58bb8b8eb886195d9ad17097c67ded613c22fbb3dccd4, label: DRAFT_DEPENDENCY_NOT_ACCEPTED}
  TS-AHP-003: {path: 05_ATOMIC_HARNESS_PIPELINE/docs/tech-specs/TS-AHP-003.md, quality_state: WRITTEN_PENDING_AUDIT, sha256: 072041914b836be5a45e80ee87102cc490f0927a946633e78806bee63e3578ed, label: DRAFT_DEPENDENCY_NOT_ACCEPTED}
  TS-AIR-019: {path: 04_ACTIVATIVE_INTELLIGENCE_RUNTIME/docs/tech-specs/TS-AIR-019.md, quality_state: WRITTEN_PENDING_AUDIT, sha256: 515e42a7e015c212f9f972b4e78e1e7aa0558816448f10ff18db9b9a7f7ecd5e, label: DRAFT_DEPENDENCY_NOT_ACCEPTED}
  TS-DEL-001: {path: 05_ATOMIC_HARNESS_PIPELINE/docs/tech-specs/TS-DEL-001.md, quality_state: WRITTEN_PENDING_AUDIT, sha256: aba43b66766795436b2073b528a486e7dbdb4cc48638ca21a1642c0e36e6d751, label: DRAFT_DEPENDENCY_NOT_ACCEPTED}
  TS-EVAL-001: {path: 05_ATOMIC_HARNESS_PIPELINE/docs/tech-specs/TS-EVAL-001.md, quality_state: WRITTEN_PENDING_AUDIT, sha256: 0c3a47dc3cfb331630df794bec4869c71d5fc70894b6f0fd77b08068ff74024f, label: DRAFT_DEPENDENCY_NOT_ACCEPTED}
  TS-INT-004: {path: 06_INTERVIEW_EXPRESSION/docs/tech-specs/TS-INT-004.md, quality_state: WRITTEN_PENDING_AUDIT, sha256: e6147fc8ca8f8d6d3a0ff8954336fe9b844c8e18e45c41b330c558f7d87a0d5a, label: DRAFT_DEPENDENCY_NOT_ACCEPTED}
  TS-STA-001: {path: 05_ATOMIC_HARNESS_PIPELINE/docs/tech-specs/TS-STA-001.md, quality_state: WRITTEN_PENDING_AUDIT, sha256: 423eee94e20ab263fbbc1d10fefd4a687e823491c3eba1ece66acfcf0302e160, label: DRAFT_DEPENDENCY_NOT_ACCEPTED}
  TS-VID-001: {path: 05_ATOMIC_HARNESS_PIPELINE/docs/tech-specs/TS-VID-001.md, quality_state: WRITTEN_PENDING_AUDIT, sha256: cfa33fdc9fcfc0a98c1b73f9ef6ed970b906774f5f87deb33fbde8fd385c2cd8, label: DRAFT_DEPENDENCY_NOT_ACCEPTED}
authority_state: CANDIDATE_NOT_CURRENT
build_authority: false
